// !$*UTF8*$!
{
	archiveVersion = 1;
	classes = {
	};
	objectVersion = 46;
	objects = {

/* Begin PBXBuildFile section */
		610F79991AE16483006B8C6E /* Social.framework in Frameworks */ = {isa = PBXBuildFile; fileRef = 610F79981AE16483006B8C6E /* Social.framework */; };
		61248F891AE1587D003473DE /* libsqlite3.dylib in Frameworks */ = {isa = PBXBuildFile; fileRef = 61248F881AE1587D003473DE /* libsqlite3.dylib */; };
		61248F8B1AE1588B003473DE /* libz.dylib in Frameworks */ = {isa = PBXBuildFile; fileRef = 61248F8A1AE1588B003473DE /* libz.dylib */; };
		61248F8D1AE158AF003473DE /* StoreKit.framework in Frameworks */ = {isa = PBXBuildFile; fileRef = 61248F8C1AE158AF003473DE /* StoreKit.framework */; };
		61248F8F1AE158BD003473DE /* Security.framework in Frameworks */ = {isa = PBXBuildFile; fileRef = 61248F8E1AE158BD003473DE /* Security.framework */; };
		61248F911AE158C9003473DE /* QuartzCore.framework in Frameworks */ = {isa = PBXBuildFile; fileRef = 61248F901AE158C9003473DE /* QuartzCore.framework */; };
		61248F931AE158DB003473DE /* MobileCoreServices.framework in Frameworks */ = {isa = PBXBuildFile; fileRef = 61248F921AE158DB003473DE /* MobileCoreServices.framework */; };
		61248F951AE158E7003473DE /* CoreLocation.framework in Frameworks */ = {isa = PBXBuildFile; fileRef = 61248F941AE158E7003473DE /* CoreLocation.framework */; };
		61248F971AE158F4003473DE /* CFNetwork.framework in Frameworks */ = {isa = PBXBuildFile; fileRef = 61248F961AE158F4003473DE /* CFNetwork.framework */; };
		61248F991AE15903003473DE /* AudioToolbox.framework in Frameworks */ = {isa = PBXBuildFile; fileRef = 61248F981AE15903003473DE /* AudioToolbox.framework */; };
		61248F9B1AE15919003473DE /* SystemConfiguration.framework in Frameworks */ = {isa = PBXBuildFile; fileRef = 61248F9A1AE15919003473DE /* SystemConfiguration.framework */; };
		61248F9D1AE15928003473DE /* libdbm.dylib in Frameworks */ = {isa = PBXBuildFile; fileRef = 61248F9C1AE15928003473DE /* libdbm.dylib */; };
		61248F9F1AE15936003473DE /* CoreData.framework in Frameworks */ = {isa = PBXBuildFile; fileRef = 61248F9E1AE15936003473DE /* CoreData.framework */; };
		61DF93A71AFCFDBD000E8BDA /* Bolts.framework in Frameworks */ = {isa = PBXBuildFile; fileRef = 61DF93A11AFCFDBD000E8BDA /* Bolts.framework */; };
		61DF93A81AFCFDBD000E8BDA /* Parse.framework in Frameworks */ = {isa = PBXBuildFile; fileRef = 61DF93A21AFCFDBD000E8BDA /* Parse.framework */; };
		61DF93A91AFCFDBD000E8BDA /* ParseCrashReporting.framework in Frameworks */ = {isa = PBXBuildFile; fileRef = 61DF93A31AFCFDBD000E8BDA /* ParseCrashReporting.framework */; };
		61DF93AA1AFCFDBD000E8BDA /* ParseFacebookUtils.framework in Frameworks */ = {isa = PBXBuildFile; fileRef = 61DF93A41AFCFDBD000E8BDA /* ParseFacebookUtils.framework */; };
		61DF93AB1AFCFDBD000E8BDA /* ParseFacebookUtilsV4.framework in Frameworks */ = {isa = PBXBuildFile; fileRef = 61DF93A51AFCFDBD000E8BDA /* ParseFacebookUtilsV4.framework */; };
		61DF93AC1AFCFDBD000E8BDA /* ParseUI.framework in Frameworks */ = {isa = PBXBuildFile; fileRef = 61DF93A61AFCFDBD000E8BDA /* ParseUI.framework */; };
		61DF93AE1AFCFDF7000E8BDA /* Default-568h@2x.png in Resources */ = {isa = PBXBuildFile; fileRef = 61DF93AD1AFCFDF7000E8BDA /* Default-568h@2x.png */; };
		61F080251AE164FD006D3480 /* Accounts.framework in Frameworks */ = {isa = PBXBuildFile; fileRef = 61F080241AE164FD006D3480 /* Accounts.framework */; };
		9C1A493E1AF5B34500CDDE5C /* PTKAddressZip.m in Sources */ = {isa = PBXBuildFile; fileRef = 9C1A49151AF5B34500CDDE5C /* PTKAddressZip.m */; };
		9C1A493F1AF5B34500CDDE5C /* PTKCard.m in Sources */ = {isa = PBXBuildFile; fileRef = 9C1A49171AF5B34500CDDE5C /* PTKCard.m */; };
		9C1A49401AF5B34500CDDE5C /* PTKCardCVC.m in Sources */ = {isa = PBXBuildFile; fileRef = 9C1A49191AF5B34500CDDE5C /* PTKCardCVC.m */; };
		9C1A49411AF5B34500CDDE5C /* PTKCardExpiry.m in Sources */ = {isa = PBXBuildFile; fileRef = 9C1A491B1AF5B34500CDDE5C /* PTKCardExpiry.m */; };
		9C1A49421AF5B34500CDDE5C /* PTKCardNumber.m in Sources */ = {isa = PBXBuildFile; fileRef = 9C1A491D1AF5B34500CDDE5C /* PTKCardNumber.m */; };
		9C1A49431AF5B34500CDDE5C /* PTKComponent.m in Sources */ = {isa = PBXBuildFile; fileRef = 9C1A49201AF5B34500CDDE5C /* PTKComponent.m */; };
		9C1A49441AF5B34500CDDE5C /* PTKTextField.m in Sources */ = {isa = PBXBuildFile; fileRef = 9C1A49221AF5B34500CDDE5C /* PTKTextField.m */; };
		9C1A49451AF5B34500CDDE5C /* PTKUSAddressZip.m in Sources */ = {isa = PBXBuildFile; fileRef = 9C1A49241AF5B34500CDDE5C /* PTKUSAddressZip.m */; };
		9C1A49461AF5B34500CDDE5C /* PTKView.m in Sources */ = {isa = PBXBuildFile; fileRef = 9C1A49261AF5B34500CDDE5C /* PTKView.m */; };
		9C1A49471AF5B34500CDDE5C /* amex.png in Resources */ = {isa = PBXBuildFile; fileRef = 9C1A49291AF5B34500CDDE5C /* amex.png */; };
		9C1A49481AF5B34500CDDE5C /* amex@2x.png in Resources */ = {isa = PBXBuildFile; fileRef = 9C1A492A1AF5B34500CDDE5C /* amex@2x.png */; };
		9C1A49491AF5B34500CDDE5C /* cvc-amex.png in Resources */ = {isa = PBXBuildFile; fileRef = 9C1A492B1AF5B34500CDDE5C /* cvc-amex.png */; };
		9C1A494A1AF5B34500CDDE5C /* cvc-amex@2x.png in Resources */ = {isa = PBXBuildFile; fileRef = 9C1A492C1AF5B34500CDDE5C /* cvc-amex@2x.png */; };
		9C1A494B1AF5B34500CDDE5C /* cvc.png in Resources */ = {isa = PBXBuildFile; fileRef = 9C1A492D1AF5B34500CDDE5C /* cvc.png */; };
		9C1A494C1AF5B34500CDDE5C /* cvc@2x.png in Resources */ = {isa = PBXBuildFile; fileRef = 9C1A492E1AF5B34500CDDE5C /* cvc@2x.png */; };
		9C1A494D1AF5B34500CDDE5C /* diners.png in Resources */ = {isa = PBXBuildFile; fileRef = 9C1A492F1AF5B34500CDDE5C /* diners.png */; };
		9C1A494E1AF5B34500CDDE5C /* diners@2x.png in Resources */ = {isa = PBXBuildFile; fileRef = 9C1A49301AF5B34500CDDE5C /* diners@2x.png */; };
		9C1A494F1AF5B34500CDDE5C /* discover.png in Resources */ = {isa = PBXBuildFile; fileRef = 9C1A49311AF5B34500CDDE5C /* discover.png */; };
		9C1A49501AF5B34500CDDE5C /* discover@2x.png in Resources */ = {isa = PBXBuildFile; fileRef = 9C1A49321AF5B34500CDDE5C /* discover@2x.png */; };
		9C1A49511AF5B34500CDDE5C /* jcb.png in Resources */ = {isa = PBXBuildFile; fileRef = 9C1A49331AF5B34500CDDE5C /* jcb.png */; };
		9C1A49521AF5B34500CDDE5C /* jcb@2x.png in Resources */ = {isa = PBXBuildFile; fileRef = 9C1A49341AF5B34500CDDE5C /* jcb@2x.png */; };
		9C1A49531AF5B34500CDDE5C /* mastercard.png in Resources */ = {isa = PBXBuildFile; fileRef = 9C1A49351AF5B34500CDDE5C /* mastercard.png */; };
		9C1A49541AF5B34500CDDE5C /* mastercard@2x.png in Resources */ = {isa = PBXBuildFile; fileRef = 9C1A49361AF5B34500CDDE5C /* mastercard@2x.png */; };
		9C1A49551AF5B34500CDDE5C /* placeholder.png in Resources */ = {isa = PBXBuildFile; fileRef = 9C1A49371AF5B34500CDDE5C /* placeholder.png */; };
		9C1A49561AF5B34500CDDE5C /* placeholder@2x.png in Resources */ = {isa = PBXBuildFile; fileRef = 9C1A49381AF5B34500CDDE5C /* placeholder@2x.png */; };
		9C1A49571AF5B34500CDDE5C /* visa.png in Resources */ = {isa = PBXBuildFile; fileRef = 9C1A49391AF5B34500CDDE5C /* visa.png */; };
		9C1A49581AF5B34500CDDE5C /* visa@2x.png in Resources */ = {isa = PBXBuildFile; fileRef = 9C1A493A1AF5B34500CDDE5C /* visa@2x.png */; };
		9C1A49591AF5B34500CDDE5C /* gradient@2x.png in Resources */ = {isa = PBXBuildFile; fileRef = 9C1A493B1AF5B34500CDDE5C /* gradient@2x.png */; };
		9C1A495A1AF5B34500CDDE5C /* textfield.png in Resources */ = {isa = PBXBuildFile; fileRef = 9C1A493C1AF5B34500CDDE5C /* textfield.png */; };
		9C1A495B1AF5B34500CDDE5C /* textfield@2x.png in Resources */ = {isa = PBXBuildFile; fileRef = 9C1A493D1AF5B34500CDDE5C /* textfield@2x.png */; };
		9C1A499A1AF5B35F00CDDE5C /* STPAPIClient+ApplePay.m in Sources */ = {isa = PBXBuildFile; fileRef = 9C1A495E1AF5B35F00CDDE5C /* STPAPIClient+ApplePay.m */; };
		9C1A499B1AF5B35F00CDDE5C /* Stripe+ApplePay.m in Sources */ = {isa = PBXBuildFile; fileRef = 9C1A495F1AF5B35F00CDDE5C /* Stripe+ApplePay.m */; };
		9C1A499C1AF5B35F00CDDE5C /* Project-Debug.xcconfig in Resources */ = {isa = PBXBuildFile; fileRef = 9C1A49611AF5B35F00CDDE5C /* Project-Debug.xcconfig */; };
		9C1A499D1AF5B35F00CDDE5C /* Project-Release.xcconfig in Resources */ = {isa = PBXBuildFile; fileRef = 9C1A49621AF5B35F00CDDE5C /* Project-Release.xcconfig */; };
		9C1A499E1AF5B35F00CDDE5C /* Project-Shared.xcconfig in Resources */ = {isa = PBXBuildFile; fileRef = 9C1A49631AF5B35F00CDDE5C /* Project-Shared.xcconfig */; };
		9C1A499F1AF5B35F00CDDE5C /* StripeiOS Tests-Debug.xcconfig in Resources */ = {isa = PBXBuildFile; fileRef = 9C1A49641AF5B35F00CDDE5C /* StripeiOS Tests-Debug.xcconfig */; };
		9C1A49A01AF5B35F00CDDE5C /* StripeiOS Tests-Release.xcconfig in Resources */ = {isa = PBXBuildFile; fileRef = 9C1A49651AF5B35F00CDDE5C /* StripeiOS Tests-Release.xcconfig */; };
		9C1A49A11AF5B35F00CDDE5C /* StripeiOS Tests-Shared.xcconfig in Resources */ = {isa = PBXBuildFile; fileRef = 9C1A49661AF5B35F00CDDE5C /* StripeiOS Tests-Shared.xcconfig */; };
		9C1A49A21AF5B35F00CDDE5C /* StripeiOS-Debug.xcconfig in Resources */ = {isa = PBXBuildFile; fileRef = 9C1A49671AF5B35F00CDDE5C /* StripeiOS-Debug.xcconfig */; };
		9C1A49A31AF5B35F00CDDE5C /* StripeiOS-Release.xcconfig in Resources */ = {isa = PBXBuildFile; fileRef = 9C1A49681AF5B35F00CDDE5C /* StripeiOS-Release.xcconfig */; };
		9C1A49A41AF5B35F00CDDE5C /* StripeiOS-Shared.xcconfig in Resources */ = {isa = PBXBuildFile; fileRef = 9C1A49691AF5B35F00CDDE5C /* StripeiOS-Shared.xcconfig */; };
		9C1A49A51AF5B35F00CDDE5C /* StripeiOSStatic.xcconfig in Resources */ = {isa = PBXBuildFile; fileRef = 9C1A496A1AF5B35F00CDDE5C /* StripeiOSStatic.xcconfig */; };
		9C1A49A61AF5B35F00CDDE5C /* StripeiOSStaticFramework.xcconfig in Resources */ = {isa = PBXBuildFile; fileRef = 9C1A496B1AF5B35F00CDDE5C /* StripeiOSStaticFramework.xcconfig */; };
		9C1A49A71AF5B35F00CDDE5C /* StripeiOSStaticFrameworkWithoutApplePay.xcconfig in Resources */ = {isa = PBXBuildFile; fileRef = 9C1A496C1AF5B35F00CDDE5C /* StripeiOSStaticFrameworkWithoutApplePay.xcconfig */; };
		9C1A49A81AF5B35F00CDDE5C /* StripeiOSStaticWithoutApplePay.xcconfig in Resources */ = {isa = PBXBuildFile; fileRef = 9C1A496D1AF5B35F00CDDE5C /* StripeiOSStaticWithoutApplePay.xcconfig */; };
		9C1A49A91AF5B35F00CDDE5C /* StripeOSX-Debug.xcconfig in Resources */ = {isa = PBXBuildFile; fileRef = 9C1A496E1AF5B35F00CDDE5C /* StripeOSX-Debug.xcconfig */; };
		9C1A49AA1AF5B35F00CDDE5C /* StripeOSX-Release.xcconfig in Resources */ = {isa = PBXBuildFile; fileRef = 9C1A496F1AF5B35F00CDDE5C /* StripeOSX-Release.xcconfig */; };
		9C1A49AB1AF5B35F00CDDE5C /* StripeOSX-Shared.xcconfig in Resources */ = {isa = PBXBuildFile; fileRef = 9C1A49701AF5B35F00CDDE5C /* StripeOSX-Shared.xcconfig */; };
		9C1A49AC1AF5B35F00CDDE5C /* StripeOSXTests-Debug.xcconfig in Resources */ = {isa = PBXBuildFile; fileRef = 9C1A49711AF5B35F00CDDE5C /* StripeOSXTests-Debug.xcconfig */; };
		9C1A49AD1AF5B35F00CDDE5C /* StripeOSXTests-Release.xcconfig in Resources */ = {isa = PBXBuildFile; fileRef = 9C1A49721AF5B35F00CDDE5C /* StripeOSXTests-Release.xcconfig */; };
		9C1A49AE1AF5B35F00CDDE5C /* StripeOSXTests-Shared.xcconfig in Resources */ = {isa = PBXBuildFile; fileRef = 9C1A49731AF5B35F00CDDE5C /* StripeOSXTests-Shared.xcconfig */; };
		9C1A49AF1AF5B35F00CDDE5C /* STPCheckoutInternalUIWebViewController.m in Sources */ = {isa = PBXBuildFile; fileRef = 9C1A49771AF5B35F00CDDE5C /* STPCheckoutInternalUIWebViewController.m */; };
		9C1A49B01AF5B36000CDDE5C /* STPCheckoutOptions.m in Sources */ = {isa = PBXBuildFile; fileRef = 9C1A49781AF5B35F00CDDE5C /* STPCheckoutOptions.m */; };
		9C1A49B11AF5B36000CDDE5C /* STPCheckoutViewController.m in Sources */ = {isa = PBXBuildFile; fileRef = 9C1A49791AF5B35F00CDDE5C /* STPCheckoutViewController.m */; };
		9C1A49B21AF5B36000CDDE5C /* STPColorUtils.m in Sources */ = {isa = PBXBuildFile; fileRef = 9C1A497C1AF5B35F00CDDE5C /* STPColorUtils.m */; };
		9C1A49B31AF5B36000CDDE5C /* STPIOSCheckoutWebViewAdapter.m in Sources */ = {isa = PBXBuildFile; fileRef = 9C1A497E1AF5B35F00CDDE5C /* STPIOSCheckoutWebViewAdapter.m */; };
		9C1A49B41AF5B36000CDDE5C /* STPOSXCheckoutWebViewAdapter.m in Sources */ = {isa = PBXBuildFile; fileRef = 9C1A49801AF5B35F00CDDE5C /* STPOSXCheckoutWebViewAdapter.m */; };
		9C1A49B51AF5B36000CDDE5C /* STPStrictURLProtocol.m in Sources */ = {isa = PBXBuildFile; fileRef = 9C1A49821AF5B35F00CDDE5C /* STPStrictURLProtocol.m */; };
		9C1A49B61AF5B36000CDDE5C /* Info.plist in Resources */ = {isa = PBXBuildFile; fileRef = 9C1A49831AF5B35F00CDDE5C /* Info.plist */; };
		9C1A49B71AF5B36000CDDE5C /* STPAPIClient.m in Sources */ = {isa = PBXBuildFile; fileRef = 9C1A49911AF5B35F00CDDE5C /* STPAPIClient.m */; };
		9C1A49B81AF5B36000CDDE5C /* STPAPIConnection.m in Sources */ = {isa = PBXBuildFile; fileRef = 9C1A49931AF5B35F00CDDE5C /* STPAPIConnection.m */; };
		9C1A49B91AF5B36000CDDE5C /* STPBankAccount.m in Sources */ = {isa = PBXBuildFile; fileRef = 9C1A49941AF5B35F00CDDE5C /* STPBankAccount.m */; };
		9C1A49BA1AF5B36000CDDE5C /* STPCard.m in Sources */ = {isa = PBXBuildFile; fileRef = 9C1A49951AF5B35F00CDDE5C /* STPCard.m */; };
		9C1A49BB1AF5B36000CDDE5C /* STPFormEncoder.m in Sources */ = {isa = PBXBuildFile; fileRef = 9C1A49971AF5B35F00CDDE5C /* STPFormEncoder.m */; };
		9C1A49BC1AF5B36000CDDE5C /* STPToken.m in Sources */ = {isa = PBXBuildFile; fileRef = 9C1A49981AF5B35F00CDDE5C /* STPToken.m */; };
		9C1A49BD1AF5B36000CDDE5C /* StripeError.m in Sources */ = {isa = PBXBuildFile; fileRef = 9C1A49991AF5B35F00CDDE5C /* StripeError.m */; };
		9C1A49C01AF6510200CDDE5C /* PaymentViewController.swift in Sources */ = {isa = PBXBuildFile; fileRef = 9C1A49BE1AF6510200CDDE5C /* PaymentViewController.swift */; };
		9C1A49C11AF6510200CDDE5C /* PaymentViewController.xib in Resources */ = {isa = PBXBuildFile; fileRef = 9C1A49BF1AF6510200CDDE5C /* PaymentViewController.xib */; };
		9C6C3A611AF2E1C3005A0322 /* Foundation.framework in Frameworks */ = {isa = PBXBuildFile; fileRef = 9C6C3A601AF2E1C3005A0322 /* Foundation.framework */; };
		9C6C3A631AF2E1CA005A0322 /* PassKit.framework in Frameworks */ = {isa = PBXBuildFile; fileRef = 9C6C3A621AF2E1CA005A0322 /* PassKit.framework */; settings = {ATTRIBUTES = (Weak, ); }; };
		9C8CFDED1AD82C2B00E322E7 /* Images.xcassets in Resources */ = {isa = PBXBuildFile; fileRef = 9C8CFDEC1AD82C2B00E322E7 /* Images.xcassets */; };
		9C8CFDF01AD82C2B00E322E7 /* LaunchScreen.xib in Resources */ = {isa = PBXBuildFile; fileRef = 9C8CFDEE1AD82C2B00E322E7 /* LaunchScreen.xib */; };
		9C8CFDFC1AD82C2B00E322E7 /* EcommerceTests.swift in Sources */ = {isa = PBXBuildFile; fileRef = 9C8CFDFB1AD82C2B00E322E7 /* EcommerceTests.swift */; };
		9C8CFE1A1AD82CA900E322E7 /* Apple_Swift_Logo.png in Resources */ = {isa = PBXBuildFile; fileRef = 9C8CFE061AD82CA800E322E7 /* Apple_Swift_Logo.png */; };
		9C8CFE1B1AD82CA900E322E7 /* AppDelegate.swift in Sources */ = {isa = PBXBuildFile; fileRef = 9C8CFE071AD82CA900E322E7 /* AppDelegate.swift */; };
		9C8CFE1C1AD82CA900E322E7 /* Regex.swift in Sources */ = {isa = PBXBuildFile; fileRef = 9C8CFE081AD82CA900E322E7 /* Regex.swift */; };
		9C8CFE1D1AD82CA900E322E7 /* View.xib in Resources */ = {isa = PBXBuildFile; fileRef = 9C8CFE091AD82CA900E322E7 /* View.xib */; };
		9C8CFE1E1AD82CA900E322E7 /* FirstViewController.swift in Sources */ = {isa = PBXBuildFile; fileRef = 9C8CFE0A1AD82CA900E322E7 /* FirstViewController.swift */; };
		9C8CFE1F1AD82CA900E322E7 /* CategoryViewController.swift in Sources */ = {isa = PBXBuildFile; fileRef = 9C8CFE0B1AD82CA900E322E7 /* CategoryViewController.swift */; };
		9C8CFE201AD82CA900E322E7 /* ProductDetailViewController.swift in Sources */ = {isa = PBXBuildFile; fileRef = 9C8CFE0C1AD82CA900E322E7 /* ProductDetailViewController.swift */; };
		9C8CFE211AD82CA900E322E7 /* Login.xib in Resources */ = {isa = PBXBuildFile; fileRef = 9C8CFE0D1AD82CA900E322E7 /* Login.xib */; };
		9C8CFE221AD82CA900E322E7 /* ProductDetailView.xib in Resources */ = {isa = PBXBuildFile; fileRef = 9C8CFE0E1AD82CA900E322E7 /* ProductDetailView.xib */; };
		9C8CFE231AD82CA900E322E7 /* ProductDetail.xib in Resources */ = {isa = PBXBuildFile; fileRef = 9C8CFE0F1AD82CA900E322E7 /* ProductDetail.xib */; };
		9C8CFE241AD82CA900E322E7 /* DummyViewController.swift in Sources */ = {isa = PBXBuildFile; fileRef = 9C8CFE101AD82CA900E322E7 /* DummyViewController.swift */; };
		9C8CFE251AD82CA900E322E7 /* CategoryViewCell.swift in Sources */ = {isa = PBXBuildFile; fileRef = 9C8CFE111AD82CA900E322E7 /* CategoryViewCell.swift */; };
		9C8CFE261AD82CA900E322E7 /* CategoryCollectionView.xib in Resources */ = {isa = PBXBuildFile; fileRef = 9C8CFE121AD82CA900E322E7 /* CategoryCollectionView.xib */; };
		9C8CFE271AD82CA900E322E7 /* CategoryCollectionView.swift in Sources */ = {isa = PBXBuildFile; fileRef = 9C8CFE131AD82CA900E322E7 /* CategoryCollectionView.swift */; };
		9C8CFE281AD82CA900E322E7 /* CategoryPrototypeCell.xib in Resources */ = {isa = PBXBuildFile; fileRef = 9C8CFE141AD82CA900E322E7 /* CategoryPrototypeCell.xib */; };
		9C8CFE291AD82CA900E322E7 /* CategoryPrototypeCell.swift in Sources */ = {isa = PBXBuildFile; fileRef = 9C8CFE151AD82CA900E322E7 /* CategoryPrototypeCell.swift */; };
		9C8CFE2A1AD82CA900E322E7 /* SecondViewController.swift in Sources */ = {isa = PBXBuildFile; fileRef = 9C8CFE161AD82CA900E322E7 /* SecondViewController.swift */; };
		9C8CFE2B1AD82CA900E322E7 /* TableViewController.swift in Sources */ = {isa = PBXBuildFile; fileRef = 9C8CFE171AD82CA900E322E7 /* TableViewController.swift */; };
		9C8CFE2C1AD82CA900E322E7 /* File.swift in Sources */ = {isa = PBXBuildFile; fileRef = 9C8CFE181AD82CA900E322E7 /* File.swift */; };
		9C8CFE2D1AD82CA900E322E7 /* Main.storyboard in Resources */ = {isa = PBXBuildFile; fileRef = 9C8CFE191AD82CA900E322E7 /* Main.storyboard */; };
		9C92B3041AE091E70044E610 /* CustomPFLogInViewController.m in Sources */ = {isa = PBXBuildFile; fileRef = 9C92B3031AE091E70044E610 /* CustomPFLogInViewController.m */; };
		9C970E261AE84CE300554D17 /* LoginSignUpViewController.swift in Sources */ = {isa = PBXBuildFile; fileRef = 9C970E241AE84CE300554D17 /* LoginSignUpViewController.swift */; };
		9C970E271AE84CE300554D17 /* LoginSignUpViewController.xib in Resources */ = {isa = PBXBuildFile; fileRef = 9C970E251AE84CE300554D17 /* LoginSignUpViewController.xib */; };
		9C970E291AE9C52600554D17 /* ShoppingCart.xib in Resources */ = {isa = PBXBuildFile; fileRef = 9C970E281AE9C52600554D17 /* ShoppingCart.xib */; };
		9C970E2B1AE9C61200554D17 /* ShoppingCartViewController.swift in Sources */ = {isa = PBXBuildFile; fileRef = 9C970E2A1AE9C61200554D17 /* ShoppingCartViewController.swift */; };
/* End PBXBuildFile section */

/* Begin PBXContainerItemProxy section */
		9C8CFDF61AD82C2B00E322E7 /* PBXContainerItemProxy */ = {
			isa = PBXContainerItemProxy;
			containerPortal = 9C8CFDD61AD82C2B00E322E7 /* Project object */;
			proxyType = 1;
			remoteGlobalIDString = 9C8CFDDD1AD82C2B00E322E7;
			remoteInfo = Ecommerce;
		};
/* End PBXContainerItemProxy section */

/* Begin PBXFileReference section */
		610F79981AE16483006B8C6E /* Social.framework */ = {isa = PBXFileReference; lastKnownFileType = wrapper.framework; name = Social.framework; path = System/Library/Frameworks/Social.framework; sourceTree = SDKROOT; };
		61248F881AE1587D003473DE /* libsqlite3.dylib */ = {isa = PBXFileReference; lastKnownFileType = "compiled.mach-o.dylib"; name = libsqlite3.dylib; path = usr/lib/libsqlite3.dylib; sourceTree = SDKROOT; };
		61248F8A1AE1588B003473DE /* libz.dylib */ = {isa = PBXFileReference; lastKnownFileType = "compiled.mach-o.dylib"; name = libz.dylib; path = usr/lib/libz.dylib; sourceTree = SDKROOT; };
		61248F8C1AE158AF003473DE /* StoreKit.framework */ = {isa = PBXFileReference; lastKnownFileType = wrapper.framework; name = StoreKit.framework; path = System/Library/Frameworks/StoreKit.framework; sourceTree = SDKROOT; };
		61248F8E1AE158BD003473DE /* Security.framework */ = {isa = PBXFileReference; lastKnownFileType = wrapper.framework; name = Security.framework; path = System/Library/Frameworks/Security.framework; sourceTree = SDKROOT; };
		61248F901AE158C9003473DE /* QuartzCore.framework */ = {isa = PBXFileReference; lastKnownFileType = wrapper.framework; name = QuartzCore.framework; path = System/Library/Frameworks/QuartzCore.framework; sourceTree = SDKROOT; };
		61248F921AE158DB003473DE /* MobileCoreServices.framework */ = {isa = PBXFileReference; lastKnownFileType = wrapper.framework; name = MobileCoreServices.framework; path = System/Library/Frameworks/MobileCoreServices.framework; sourceTree = SDKROOT; };
		61248F941AE158E7003473DE /* CoreLocation.framework */ = {isa = PBXFileReference; lastKnownFileType = wrapper.framework; name = CoreLocation.framework; path = System/Library/Frameworks/CoreLocation.framework; sourceTree = SDKROOT; };
		61248F961AE158F4003473DE /* CFNetwork.framework */ = {isa = PBXFileReference; lastKnownFileType = wrapper.framework; name = CFNetwork.framework; path = System/Library/Frameworks/CFNetwork.framework; sourceTree = SDKROOT; };
		61248F981AE15903003473DE /* AudioToolbox.framework */ = {isa = PBXFileReference; lastKnownFileType = wrapper.framework; name = AudioToolbox.framework; path = System/Library/Frameworks/AudioToolbox.framework; sourceTree = SDKROOT; };
		61248F9A1AE15919003473DE /* SystemConfiguration.framework */ = {isa = PBXFileReference; lastKnownFileType = wrapper.framework; name = SystemConfiguration.framework; path = System/Library/Frameworks/SystemConfiguration.framework; sourceTree = SDKROOT; };
		61248F9C1AE15928003473DE /* libdbm.dylib */ = {isa = PBXFileReference; lastKnownFileType = "compiled.mach-o.dylib"; name = libdbm.dylib; path = usr/lib/libdbm.dylib; sourceTree = SDKROOT; };
		61248F9E1AE15936003473DE /* CoreData.framework */ = {isa = PBXFileReference; lastKnownFileType = wrapper.framework; name = CoreData.framework; path = System/Library/Frameworks/CoreData.framework; sourceTree = SDKROOT; };
		61DF93A11AFCFDBD000E8BDA /* Bolts.framework */ = {isa = PBXFileReference; lastKnownFileType = wrapper.framework; name = Bolts.framework; path = "parse-library/Bolts.framework"; sourceTree = "<group>"; };
		61DF93A21AFCFDBD000E8BDA /* Parse.framework */ = {isa = PBXFileReference; lastKnownFileType = wrapper.framework; name = Parse.framework; path = "parse-library/Parse.framework"; sourceTree = "<group>"; };
		61DF93A31AFCFDBD000E8BDA /* ParseCrashReporting.framework */ = {isa = PBXFileReference; lastKnownFileType = wrapper.framework; name = ParseCrashReporting.framework; path = "parse-library/ParseCrashReporting.framework"; sourceTree = "<group>"; };
		61DF93A41AFCFDBD000E8BDA /* ParseFacebookUtils.framework */ = {isa = PBXFileReference; lastKnownFileType = wrapper.framework; name = ParseFacebookUtils.framework; path = "parse-library/ParseFacebookUtils.framework"; sourceTree = "<group>"; };
		61DF93A51AFCFDBD000E8BDA /* ParseFacebookUtilsV4.framework */ = {isa = PBXFileReference; lastKnownFileType = wrapper.framework; name = ParseFacebookUtilsV4.framework; path = "parse-library/ParseFacebookUtilsV4.framework"; sourceTree = "<group>"; };
		61DF93A61AFCFDBD000E8BDA /* ParseUI.framework */ = {isa = PBXFileReference; lastKnownFileType = wrapper.framework; name = ParseUI.framework; path = "parse-library/ParseUI.framework"; sourceTree = "<group>"; };
		61DF93AD1AFCFDF7000E8BDA /* Default-568h@2x.png */ = {isa = PBXFileReference; lastKnownFileType = image.png; path = "Default-568h@2x.png"; sourceTree = "<group>"; };
		61F080241AE164FD006D3480 /* Accounts.framework */ = {isa = PBXFileReference; lastKnownFileType = wrapper.framework; name = Accounts.framework; path = System/Library/Frameworks/Accounts.framework; sourceTree = SDKROOT; };
		9C1A49141AF5B34500CDDE5C /* PTKAddressZip.h */ = {isa = PBXFileReference; fileEncoding = 4; lastKnownFileType = sourcecode.c.h; path = PTKAddressZip.h; sourceTree = "<group>"; };
		9C1A49151AF5B34500CDDE5C /* PTKAddressZip.m */ = {isa = PBXFileReference; fileEncoding = 4; lastKnownFileType = sourcecode.c.objc; path = PTKAddressZip.m; sourceTree = "<group>"; };
		9C1A49161AF5B34500CDDE5C /* PTKCard.h */ = {isa = PBXFileReference; fileEncoding = 4; lastKnownFileType = sourcecode.c.h; path = PTKCard.h; sourceTree = "<group>"; };
		9C1A49171AF5B34500CDDE5C /* PTKCard.m */ = {isa = PBXFileReference; fileEncoding = 4; lastKnownFileType = sourcecode.c.objc; path = PTKCard.m; sourceTree = "<group>"; };
		9C1A49181AF5B34500CDDE5C /* PTKCardCVC.h */ = {isa = PBXFileReference; fileEncoding = 4; lastKnownFileType = sourcecode.c.h; path = PTKCardCVC.h; sourceTree = "<group>"; };
		9C1A49191AF5B34500CDDE5C /* PTKCardCVC.m */ = {isa = PBXFileReference; fileEncoding = 4; lastKnownFileType = sourcecode.c.objc; path = PTKCardCVC.m; sourceTree = "<group>"; };
		9C1A491A1AF5B34500CDDE5C /* PTKCardExpiry.h */ = {isa = PBXFileReference; fileEncoding = 4; lastKnownFileType = sourcecode.c.h; path = PTKCardExpiry.h; sourceTree = "<group>"; };
		9C1A491B1AF5B34500CDDE5C /* PTKCardExpiry.m */ = {isa = PBXFileReference; fileEncoding = 4; lastKnownFileType = sourcecode.c.objc; path = PTKCardExpiry.m; sourceTree = "<group>"; };
		9C1A491C1AF5B34500CDDE5C /* PTKCardNumber.h */ = {isa = PBXFileReference; fileEncoding = 4; lastKnownFileType = sourcecode.c.h; path = PTKCardNumber.h; sourceTree = "<group>"; };
		9C1A491D1AF5B34500CDDE5C /* PTKCardNumber.m */ = {isa = PBXFileReference; fileEncoding = 4; lastKnownFileType = sourcecode.c.objc; path = PTKCardNumber.m; sourceTree = "<group>"; };
		9C1A491E1AF5B34500CDDE5C /* PTKCardType.h */ = {isa = PBXFileReference; fileEncoding = 4; lastKnownFileType = sourcecode.c.h; path = PTKCardType.h; sourceTree = "<group>"; };
		9C1A491F1AF5B34500CDDE5C /* PTKComponent.h */ = {isa = PBXFileReference; fileEncoding = 4; lastKnownFileType = sourcecode.c.h; path = PTKComponent.h; sourceTree = "<group>"; };
		9C1A49201AF5B34500CDDE5C /* PTKComponent.m */ = {isa = PBXFileReference; fileEncoding = 4; lastKnownFileType = sourcecode.c.objc; path = PTKComponent.m; sourceTree = "<group>"; };
		9C1A49211AF5B34500CDDE5C /* PTKTextField.h */ = {isa = PBXFileReference; fileEncoding = 4; lastKnownFileType = sourcecode.c.h; path = PTKTextField.h; sourceTree = "<group>"; };
		9C1A49221AF5B34500CDDE5C /* PTKTextField.m */ = {isa = PBXFileReference; fileEncoding = 4; lastKnownFileType = sourcecode.c.objc; path = PTKTextField.m; sourceTree = "<group>"; };
		9C1A49231AF5B34500CDDE5C /* PTKUSAddressZip.h */ = {isa = PBXFileReference; fileEncoding = 4; lastKnownFileType = sourcecode.c.h; path = PTKUSAddressZip.h; sourceTree = "<group>"; };
		9C1A49241AF5B34500CDDE5C /* PTKUSAddressZip.m */ = {isa = PBXFileReference; fileEncoding = 4; lastKnownFileType = sourcecode.c.objc; path = PTKUSAddressZip.m; sourceTree = "<group>"; };
		9C1A49251AF5B34500CDDE5C /* PTKView.h */ = {isa = PBXFileReference; fileEncoding = 4; lastKnownFileType = sourcecode.c.h; path = PTKView.h; sourceTree = "<group>"; };
		9C1A49261AF5B34500CDDE5C /* PTKView.m */ = {isa = PBXFileReference; fileEncoding = 4; lastKnownFileType = sourcecode.c.objc; path = PTKView.m; sourceTree = "<group>"; };
		9C1A49291AF5B34500CDDE5C /* amex.png */ = {isa = PBXFileReference; lastKnownFileType = image.png; path = amex.png; sourceTree = "<group>"; };
		9C1A492A1AF5B34500CDDE5C /* amex@2x.png */ = {isa = PBXFileReference; lastKnownFileType = image.png; path = "amex@2x.png"; sourceTree = "<group>"; };
		9C1A492B1AF5B34500CDDE5C /* cvc-amex.png */ = {isa = PBXFileReference; lastKnownFileType = image.png; path = "cvc-amex.png"; sourceTree = "<group>"; };
		9C1A492C1AF5B34500CDDE5C /* cvc-amex@2x.png */ = {isa = PBXFileReference; lastKnownFileType = image.png; path = "cvc-amex@2x.png"; sourceTree = "<group>"; };
		9C1A492D1AF5B34500CDDE5C /* cvc.png */ = {isa = PBXFileReference; lastKnownFileType = image.png; path = cvc.png; sourceTree = "<group>"; };
		9C1A492E1AF5B34500CDDE5C /* cvc@2x.png */ = {isa = PBXFileReference; lastKnownFileType = image.png; path = "cvc@2x.png"; sourceTree = "<group>"; };
		9C1A492F1AF5B34500CDDE5C /* diners.png */ = {isa = PBXFileReference; lastKnownFileType = image.png; path = diners.png; sourceTree = "<group>"; };
		9C1A49301AF5B34500CDDE5C /* diners@2x.png */ = {isa = PBXFileReference; lastKnownFileType = image.png; path = "diners@2x.png"; sourceTree = "<group>"; };
		9C1A49311AF5B34500CDDE5C /* discover.png */ = {isa = PBXFileReference; lastKnownFileType = image.png; path = discover.png; sourceTree = "<group>"; };
		9C1A49321AF5B34500CDDE5C /* discover@2x.png */ = {isa = PBXFileReference; lastKnownFileType = image.png; path = "discover@2x.png"; sourceTree = "<group>"; };
		9C1A49331AF5B34500CDDE5C /* jcb.png */ = {isa = PBXFileReference; lastKnownFileType = image.png; path = jcb.png; sourceTree = "<group>"; };
		9C1A49341AF5B34500CDDE5C /* jcb@2x.png */ = {isa = PBXFileReference; lastKnownFileType = image.png; path = "jcb@2x.png"; sourceTree = "<group>"; };
		9C1A49351AF5B34500CDDE5C /* mastercard.png */ = {isa = PBXFileReference; lastKnownFileType = image.png; path = mastercard.png; sourceTree = "<group>"; };
		9C1A49361AF5B34500CDDE5C /* mastercard@2x.png */ = {isa = PBXFileReference; lastKnownFileType = image.png; path = "mastercard@2x.png"; sourceTree = "<group>"; };
		9C1A49371AF5B34500CDDE5C /* placeholder.png */ = {isa = PBXFileReference; lastKnownFileType = image.png; path = placeholder.png; sourceTree = "<group>"; };
		9C1A49381AF5B34500CDDE5C /* placeholder@2x.png */ = {isa = PBXFileReference; lastKnownFileType = image.png; path = "placeholder@2x.png"; sourceTree = "<group>"; };
		9C1A49391AF5B34500CDDE5C /* visa.png */ = {isa = PBXFileReference; lastKnownFileType = image.png; path = visa.png; sourceTree = "<group>"; };
		9C1A493A1AF5B34500CDDE5C /* visa@2x.png */ = {isa = PBXFileReference; lastKnownFileType = image.png; path = "visa@2x.png"; sourceTree = "<group>"; };
		9C1A493B1AF5B34500CDDE5C /* gradient@2x.png */ = {isa = PBXFileReference; lastKnownFileType = image.png; path = "gradient@2x.png"; sourceTree = "<group>"; };
		9C1A493C1AF5B34500CDDE5C /* textfield.png */ = {isa = PBXFileReference; lastKnownFileType = image.png; path = textfield.png; sourceTree = "<group>"; };
		9C1A493D1AF5B34500CDDE5C /* textfield@2x.png */ = {isa = PBXFileReference; lastKnownFileType = image.png; path = "textfield@2x.png"; sourceTree = "<group>"; };
		9C1A495E1AF5B35F00CDDE5C /* STPAPIClient+ApplePay.m */ = {isa = PBXFileReference; fileEncoding = 4; lastKnownFileType = sourcecode.c.objc; path = "STPAPIClient+ApplePay.m"; sourceTree = "<group>"; };
		9C1A495F1AF5B35F00CDDE5C /* Stripe+ApplePay.m */ = {isa = PBXFileReference; fileEncoding = 4; lastKnownFileType = sourcecode.c.objc; path = "Stripe+ApplePay.m"; sourceTree = "<group>"; };
		9C1A49611AF5B35F00CDDE5C /* Project-Debug.xcconfig */ = {isa = PBXFileReference; fileEncoding = 4; lastKnownFileType = text.xcconfig; path = "Project-Debug.xcconfig"; sourceTree = "<group>"; };
		9C1A49621AF5B35F00CDDE5C /* Project-Release.xcconfig */ = {isa = PBXFileReference; fileEncoding = 4; lastKnownFileType = text.xcconfig; path = "Project-Release.xcconfig"; sourceTree = "<group>"; };
		9C1A49631AF5B35F00CDDE5C /* Project-Shared.xcconfig */ = {isa = PBXFileReference; fileEncoding = 4; lastKnownFileType = text.xcconfig; path = "Project-Shared.xcconfig"; sourceTree = "<group>"; };
		9C1A49641AF5B35F00CDDE5C /* StripeiOS Tests-Debug.xcconfig */ = {isa = PBXFileReference; fileEncoding = 4; lastKnownFileType = text.xcconfig; path = "StripeiOS Tests-Debug.xcconfig"; sourceTree = "<group>"; };
		9C1A49651AF5B35F00CDDE5C /* StripeiOS Tests-Release.xcconfig */ = {isa = PBXFileReference; fileEncoding = 4; lastKnownFileType = text.xcconfig; path = "StripeiOS Tests-Release.xcconfig"; sourceTree = "<group>"; };
		9C1A49661AF5B35F00CDDE5C /* StripeiOS Tests-Shared.xcconfig */ = {isa = PBXFileReference; fileEncoding = 4; lastKnownFileType = text.xcconfig; path = "StripeiOS Tests-Shared.xcconfig"; sourceTree = "<group>"; };
		9C1A49671AF5B35F00CDDE5C /* StripeiOS-Debug.xcconfig */ = {isa = PBXFileReference; fileEncoding = 4; lastKnownFileType = text.xcconfig; path = "StripeiOS-Debug.xcconfig"; sourceTree = "<group>"; };
		9C1A49681AF5B35F00CDDE5C /* StripeiOS-Release.xcconfig */ = {isa = PBXFileReference; fileEncoding = 4; lastKnownFileType = text.xcconfig; path = "StripeiOS-Release.xcconfig"; sourceTree = "<group>"; };
		9C1A49691AF5B35F00CDDE5C /* StripeiOS-Shared.xcconfig */ = {isa = PBXFileReference; fileEncoding = 4; lastKnownFileType = text.xcconfig; path = "StripeiOS-Shared.xcconfig"; sourceTree = "<group>"; };
		9C1A496A1AF5B35F00CDDE5C /* StripeiOSStatic.xcconfig */ = {isa = PBXFileReference; fileEncoding = 4; lastKnownFileType = text.xcconfig; path = StripeiOSStatic.xcconfig; sourceTree = "<group>"; };
		9C1A496B1AF5B35F00CDDE5C /* StripeiOSStaticFramework.xcconfig */ = {isa = PBXFileReference; fileEncoding = 4; lastKnownFileType = text.xcconfig; path = StripeiOSStaticFramework.xcconfig; sourceTree = "<group>"; };
		9C1A496C1AF5B35F00CDDE5C /* StripeiOSStaticFrameworkWithoutApplePay.xcconfig */ = {isa = PBXFileReference; fileEncoding = 4; lastKnownFileType = text.xcconfig; path = StripeiOSStaticFrameworkWithoutApplePay.xcconfig; sourceTree = "<group>"; };
		9C1A496D1AF5B35F00CDDE5C /* StripeiOSStaticWithoutApplePay.xcconfig */ = {isa = PBXFileReference; fileEncoding = 4; lastKnownFileType = text.xcconfig; path = StripeiOSStaticWithoutApplePay.xcconfig; sourceTree = "<group>"; };
		9C1A496E1AF5B35F00CDDE5C /* StripeOSX-Debug.xcconfig */ = {isa = PBXFileReference; fileEncoding = 4; lastKnownFileType = text.xcconfig; path = "StripeOSX-Debug.xcconfig"; sourceTree = "<group>"; };
		9C1A496F1AF5B35F00CDDE5C /* StripeOSX-Release.xcconfig */ = {isa = PBXFileReference; fileEncoding = 4; lastKnownFileType = text.xcconfig; path = "StripeOSX-Release.xcconfig"; sourceTree = "<group>"; };
		9C1A49701AF5B35F00CDDE5C /* StripeOSX-Shared.xcconfig */ = {isa = PBXFileReference; fileEncoding = 4; lastKnownFileType = text.xcconfig; path = "StripeOSX-Shared.xcconfig"; sourceTree = "<group>"; };
		9C1A49711AF5B35F00CDDE5C /* StripeOSXTests-Debug.xcconfig */ = {isa = PBXFileReference; fileEncoding = 4; lastKnownFileType = text.xcconfig; path = "StripeOSXTests-Debug.xcconfig"; sourceTree = "<group>"; };
		9C1A49721AF5B35F00CDDE5C /* StripeOSXTests-Release.xcconfig */ = {isa = PBXFileReference; fileEncoding = 4; lastKnownFileType = text.xcconfig; path = "StripeOSXTests-Release.xcconfig"; sourceTree = "<group>"; };
		9C1A49731AF5B35F00CDDE5C /* StripeOSXTests-Shared.xcconfig */ = {isa = PBXFileReference; fileEncoding = 4; lastKnownFileType = text.xcconfig; path = "StripeOSXTests-Shared.xcconfig"; sourceTree = "<group>"; };
		9C1A49751AF5B35F00CDDE5C /* STPCheckoutDelegate.h */ = {isa = PBXFileReference; fileEncoding = 4; lastKnownFileType = sourcecode.c.h; path = STPCheckoutDelegate.h; sourceTree = "<group>"; };
		9C1A49761AF5B35F00CDDE5C /* STPCheckoutInternalUIWebViewController.h */ = {isa = PBXFileReference; fileEncoding = 4; lastKnownFileType = sourcecode.c.h; path = STPCheckoutInternalUIWebViewController.h; sourceTree = "<group>"; };
		9C1A49771AF5B35F00CDDE5C /* STPCheckoutInternalUIWebViewController.m */ = {isa = PBXFileReference; fileEncoding = 4; lastKnownFileType = sourcecode.c.objc; path = STPCheckoutInternalUIWebViewController.m; sourceTree = "<group>"; };
		9C1A49781AF5B35F00CDDE5C /* STPCheckoutOptions.m */ = {isa = PBXFileReference; fileEncoding = 4; lastKnownFileType = sourcecode.c.objc; path = STPCheckoutOptions.m; sourceTree = "<group>"; };
		9C1A49791AF5B35F00CDDE5C /* STPCheckoutViewController.m */ = {isa = PBXFileReference; fileEncoding = 4; lastKnownFileType = sourcecode.c.objc; path = STPCheckoutViewController.m; sourceTree = "<group>"; };
		9C1A497A1AF5B35F00CDDE5C /* STPCheckoutWebViewAdapter.h */ = {isa = PBXFileReference; fileEncoding = 4; lastKnownFileType = sourcecode.c.h; path = STPCheckoutWebViewAdapter.h; sourceTree = "<group>"; };
		9C1A497B1AF5B35F00CDDE5C /* STPColorUtils.h */ = {isa = PBXFileReference; fileEncoding = 4; lastKnownFileType = sourcecode.c.h; path = STPColorUtils.h; sourceTree = "<group>"; };
		9C1A497C1AF5B35F00CDDE5C /* STPColorUtils.m */ = {isa = PBXFileReference; fileEncoding = 4; lastKnownFileType = sourcecode.c.objc; path = STPColorUtils.m; sourceTree = "<group>"; };
		9C1A497D1AF5B35F00CDDE5C /* STPIOSCheckoutWebViewAdapter.h */ = {isa = PBXFileReference; fileEncoding = 4; lastKnownFileType = sourcecode.c.h; path = STPIOSCheckoutWebViewAdapter.h; sourceTree = "<group>"; };
		9C1A497E1AF5B35F00CDDE5C /* STPIOSCheckoutWebViewAdapter.m */ = {isa = PBXFileReference; fileEncoding = 4; lastKnownFileType = sourcecode.c.objc; path = STPIOSCheckoutWebViewAdapter.m; sourceTree = "<group>"; };
		9C1A497F1AF5B35F00CDDE5C /* STPOSXCheckoutWebViewAdapter.h */ = {isa = PBXFileReference; fileEncoding = 4; lastKnownFileType = sourcecode.c.h; path = STPOSXCheckoutWebViewAdapter.h; sourceTree = "<group>"; };
		9C1A49801AF5B35F00CDDE5C /* STPOSXCheckoutWebViewAdapter.m */ = {isa = PBXFileReference; fileEncoding = 4; lastKnownFileType = sourcecode.c.objc; path = STPOSXCheckoutWebViewAdapter.m; sourceTree = "<group>"; };
		9C1A49811AF5B35F00CDDE5C /* STPStrictURLProtocol.h */ = {isa = PBXFileReference; fileEncoding = 4; lastKnownFileType = sourcecode.c.h; path = STPStrictURLProtocol.h; sourceTree = "<group>"; };
		9C1A49821AF5B35F00CDDE5C /* STPStrictURLProtocol.m */ = {isa = PBXFileReference; fileEncoding = 4; lastKnownFileType = sourcecode.c.objc; path = STPStrictURLProtocol.m; sourceTree = "<group>"; };
		9C1A49831AF5B35F00CDDE5C /* Info.plist */ = {isa = PBXFileReference; fileEncoding = 4; lastKnownFileType = text.plist.xml; path = Info.plist; sourceTree = "<group>"; };
		9C1A49861AF5B35F00CDDE5C /* STPAPIClient+ApplePay.h */ = {isa = PBXFileReference; fileEncoding = 4; lastKnownFileType = sourcecode.c.h; path = "STPAPIClient+ApplePay.h"; sourceTree = "<group>"; };
		9C1A49871AF5B35F00CDDE5C /* Stripe+ApplePay.h */ = {isa = PBXFileReference; fileEncoding = 4; lastKnownFileType = sourcecode.c.h; path = "Stripe+ApplePay.h"; sourceTree = "<group>"; };
		9C1A49891AF5B35F00CDDE5C /* STPCheckoutOptions.h */ = {isa = PBXFileReference; fileEncoding = 4; lastKnownFileType = sourcecode.c.h; path = STPCheckoutOptions.h; sourceTree = "<group>"; };
		9C1A498A1AF5B35F00CDDE5C /* STPCheckoutViewController.h */ = {isa = PBXFileReference; fileEncoding = 4; lastKnownFileType = sourcecode.c.h; path = STPCheckoutViewController.h; sourceTree = "<group>"; };
		9C1A498B1AF5B35F00CDDE5C /* STPAPIClient.h */ = {isa = PBXFileReference; fileEncoding = 4; lastKnownFileType = sourcecode.c.h; path = STPAPIClient.h; sourceTree = "<group>"; };
		9C1A498C1AF5B35F00CDDE5C /* STPBankAccount.h */ = {isa = PBXFileReference; fileEncoding = 4; lastKnownFileType = sourcecode.c.h; path = STPBankAccount.h; sourceTree = "<group>"; };
		9C1A498D1AF5B35F00CDDE5C /* STPCard.h */ = {isa = PBXFileReference; fileEncoding = 4; lastKnownFileType = sourcecode.c.h; path = STPCard.h; sourceTree = "<group>"; };
		9C1A498E1AF5B35F00CDDE5C /* STPToken.h */ = {isa = PBXFileReference; fileEncoding = 4; lastKnownFileType = sourcecode.c.h; path = STPToken.h; sourceTree = "<group>"; };
		9C1A498F1AF5B35F00CDDE5C /* Stripe.h */ = {isa = PBXFileReference; fileEncoding = 4; lastKnownFileType = sourcecode.c.h; path = Stripe.h; sourceTree = "<group>"; };
		9C1A49901AF5B35F00CDDE5C /* StripeError.h */ = {isa = PBXFileReference; fileEncoding = 4; lastKnownFileType = sourcecode.c.h; path = StripeError.h; sourceTree = "<group>"; };
		9C1A49911AF5B35F00CDDE5C /* STPAPIClient.m */ = {isa = PBXFileReference; fileEncoding = 4; lastKnownFileType = sourcecode.c.objc; path = STPAPIClient.m; sourceTree = "<group>"; };
		9C1A49921AF5B35F00CDDE5C /* STPAPIConnection.h */ = {isa = PBXFileReference; fileEncoding = 4; lastKnownFileType = sourcecode.c.h; path = STPAPIConnection.h; sourceTree = "<group>"; };
		9C1A49931AF5B35F00CDDE5C /* STPAPIConnection.m */ = {isa = PBXFileReference; fileEncoding = 4; lastKnownFileType = sourcecode.c.objc; path = STPAPIConnection.m; sourceTree = "<group>"; };
		9C1A49941AF5B35F00CDDE5C /* STPBankAccount.m */ = {isa = PBXFileReference; fileEncoding = 4; lastKnownFileType = sourcecode.c.objc; path = STPBankAccount.m; sourceTree = "<group>"; };
		9C1A49951AF5B35F00CDDE5C /* STPCard.m */ = {isa = PBXFileReference; fileEncoding = 4; lastKnownFileType = sourcecode.c.objc; path = STPCard.m; sourceTree = "<group>"; };
		9C1A49961AF5B35F00CDDE5C /* STPFormEncoder.h */ = {isa = PBXFileReference; fileEncoding = 4; lastKnownFileType = sourcecode.c.h; path = STPFormEncoder.h; sourceTree = "<group>"; };
		9C1A49971AF5B35F00CDDE5C /* STPFormEncoder.m */ = {isa = PBXFileReference; fileEncoding = 4; lastKnownFileType = sourcecode.c.objc; path = STPFormEncoder.m; sourceTree = "<group>"; };
		9C1A49981AF5B35F00CDDE5C /* STPToken.m */ = {isa = PBXFileReference; fileEncoding = 4; lastKnownFileType = sourcecode.c.objc; path = STPToken.m; sourceTree = "<group>"; };
		9C1A49991AF5B35F00CDDE5C /* StripeError.m */ = {isa = PBXFileReference; fileEncoding = 4; lastKnownFileType = sourcecode.c.objc; path = StripeError.m; sourceTree = "<group>"; };
		9C1A49BE1AF6510200CDDE5C /* PaymentViewController.swift */ = {isa = PBXFileReference; fileEncoding = 4; lastKnownFileType = sourcecode.swift; path = PaymentViewController.swift; sourceTree = "<group>"; };
		9C1A49BF1AF6510200CDDE5C /* PaymentViewController.xib */ = {isa = PBXFileReference; fileEncoding = 4; lastKnownFileType = file.xib; path = PaymentViewController.xib; sourceTree = "<group>"; };
		9C6C3A601AF2E1C3005A0322 /* Foundation.framework */ = {isa = PBXFileReference; lastKnownFileType = wrapper.framework; name = Foundation.framework; path = System/Library/Frameworks/Foundation.framework; sourceTree = SDKROOT; };
		9C6C3A621AF2E1CA005A0322 /* PassKit.framework */ = {isa = PBXFileReference; lastKnownFileType = wrapper.framework; name = PassKit.framework; path = System/Library/Frameworks/PassKit.framework; sourceTree = SDKROOT; };
		9C8CFDDE1AD82C2B00E322E7 /* Ecommerce.app */ = {isa = PBXFileReference; explicitFileType = wrapper.application; includeInIndex = 0; path = Ecommerce.app; sourceTree = BUILT_PRODUCTS_DIR; };
		9C8CFDE21AD82C2B00E322E7 /* Info.plist */ = {isa = PBXFileReference; lastKnownFileType = text.plist.xml; path = Info.plist; sourceTree = "<group>"; };
		9C8CFDEC1AD82C2B00E322E7 /* Images.xcassets */ = {isa = PBXFileReference; lastKnownFileType = folder.assetcatalog; path = Images.xcassets; sourceTree = "<group>"; };
		9C8CFDEF1AD82C2B00E322E7 /* Base */ = {isa = PBXFileReference; lastKnownFileType = file.xib; name = Base; path = Base.lproj/LaunchScreen.xib; sourceTree = "<group>"; };
		9C8CFDF51AD82C2B00E322E7 /* EcommerceTests.xctest */ = {isa = PBXFileReference; explicitFileType = wrapper.cfbundle; includeInIndex = 0; path = EcommerceTests.xctest; sourceTree = BUILT_PRODUCTS_DIR; };
		9C8CFDFA1AD82C2B00E322E7 /* Info.plist */ = {isa = PBXFileReference; lastKnownFileType = text.plist.xml; path = Info.plist; sourceTree = "<group>"; };
		9C8CFDFB1AD82C2B00E322E7 /* EcommerceTests.swift */ = {isa = PBXFileReference; lastKnownFileType = sourcecode.swift; path = EcommerceTests.swift; sourceTree = "<group>"; };
		9C8CFE051AD82CA800E322E7 /* Ecommerce-Bridging-Header.h */ = {isa = PBXFileReference; lastKnownFileType = sourcecode.c.h; path = "Ecommerce-Bridging-Header.h"; sourceTree = "<group>"; };
		9C8CFE061AD82CA800E322E7 /* Apple_Swift_Logo.png */ = {isa = PBXFileReference; lastKnownFileType = image.png; path = Apple_Swift_Logo.png; sourceTree = "<group>"; };
		9C8CFE071AD82CA900E322E7 /* AppDelegate.swift */ = {isa = PBXFileReference; fileEncoding = 4; lastKnownFileType = sourcecode.swift; path = AppDelegate.swift; sourceTree = "<group>"; };
		9C8CFE081AD82CA900E322E7 /* Regex.swift */ = {isa = PBXFileReference; fileEncoding = 4; lastKnownFileType = sourcecode.swift; path = Regex.swift; sourceTree = "<group>"; };
		9C8CFE091AD82CA900E322E7 /* View.xib */ = {isa = PBXFileReference; fileEncoding = 4; lastKnownFileType = file.xib; path = View.xib; sourceTree = "<group>"; };
		9C8CFE0A1AD82CA900E322E7 /* FirstViewController.swift */ = {isa = PBXFileReference; fileEncoding = 4; lastKnownFileType = sourcecode.swift; path = FirstViewController.swift; sourceTree = "<group>"; };
		9C8CFE0B1AD82CA900E322E7 /* CategoryViewController.swift */ = {isa = PBXFileReference; fileEncoding = 4; lastKnownFileType = sourcecode.swift; path = CategoryViewController.swift; sourceTree = "<group>"; };
		9C8CFE0C1AD82CA900E322E7 /* ProductDetailViewController.swift */ = {isa = PBXFileReference; fileEncoding = 4; lastKnownFileType = sourcecode.swift; path = ProductDetailViewController.swift; sourceTree = "<group>"; };
		9C8CFE0D1AD82CA900E322E7 /* Login.xib */ = {isa = PBXFileReference; fileEncoding = 4; lastKnownFileType = file.xib; path = Login.xib; sourceTree = "<group>"; };
		9C8CFE0E1AD82CA900E322E7 /* ProductDetailView.xib */ = {isa = PBXFileReference; fileEncoding = 4; lastKnownFileType = file.xib; path = ProductDetailView.xib; sourceTree = "<group>"; };
		9C8CFE0F1AD82CA900E322E7 /* ProductDetail.xib */ = {isa = PBXFileReference; fileEncoding = 4; lastKnownFileType = file.xib; path = ProductDetail.xib; sourceTree = "<group>"; };
		9C8CFE101AD82CA900E322E7 /* DummyViewController.swift */ = {isa = PBXFileReference; fileEncoding = 4; lastKnownFileType = sourcecode.swift; path = DummyViewController.swift; sourceTree = "<group>"; };
		9C8CFE111AD82CA900E322E7 /* CategoryViewCell.swift */ = {isa = PBXFileReference; fileEncoding = 4; lastKnownFileType = sourcecode.swift; path = CategoryViewCell.swift; sourceTree = "<group>"; };
		9C8CFE121AD82CA900E322E7 /* CategoryCollectionView.xib */ = {isa = PBXFileReference; fileEncoding = 4; lastKnownFileType = file.xib; path = CategoryCollectionView.xib; sourceTree = "<group>"; };
		9C8CFE131AD82CA900E322E7 /* CategoryCollectionView.swift */ = {isa = PBXFileReference; fileEncoding = 4; lastKnownFileType = sourcecode.swift; path = CategoryCollectionView.swift; sourceTree = "<group>"; };
		9C8CFE141AD82CA900E322E7 /* CategoryPrototypeCell.xib */ = {isa = PBXFileReference; fileEncoding = 4; lastKnownFileType = file.xib; path = CategoryPrototypeCell.xib; sourceTree = "<group>"; };
		9C8CFE151AD82CA900E322E7 /* CategoryPrototypeCell.swift */ = {isa = PBXFileReference; fileEncoding = 4; lastKnownFileType = sourcecode.swift; path = CategoryPrototypeCell.swift; sourceTree = "<group>"; };
		9C8CFE161AD82CA900E322E7 /* SecondViewController.swift */ = {isa = PBXFileReference; fileEncoding = 4; lastKnownFileType = sourcecode.swift; path = SecondViewController.swift; sourceTree = "<group>"; };
		9C8CFE171AD82CA900E322E7 /* TableViewController.swift */ = {isa = PBXFileReference; fileEncoding = 4; lastKnownFileType = sourcecode.swift; path = TableViewController.swift; sourceTree = "<group>"; };
		9C8CFE181AD82CA900E322E7 /* File.swift */ = {isa = PBXFileReference; fileEncoding = 4; lastKnownFileType = sourcecode.swift; path = File.swift; sourceTree = "<group>"; };
		9C8CFE191AD82CA900E322E7 /* Main.storyboard */ = {isa = PBXFileReference; fileEncoding = 4; lastKnownFileType = file.storyboard; path = Main.storyboard; sourceTree = "<group>"; };
		9C92B3031AE091E70044E610 /* CustomPFLogInViewController.m */ = {isa = PBXFileReference; fileEncoding = 4; lastKnownFileType = sourcecode.c.objc; path = CustomPFLogInViewController.m; sourceTree = "<group>"; };
		9C970E241AE84CE300554D17 /* LoginSignUpViewController.swift */ = {isa = PBXFileReference; fileEncoding = 4; lastKnownFileType = sourcecode.swift; path = LoginSignUpViewController.swift; sourceTree = "<group>"; };
		9C970E251AE84CE300554D17 /* LoginSignUpViewController.xib */ = {isa = PBXFileReference; fileEncoding = 4; lastKnownFileType = file.xib; path = LoginSignUpViewController.xib; sourceTree = "<group>"; };
		9C970E281AE9C52600554D17 /* ShoppingCart.xib */ = {isa = PBXFileReference; fileEncoding = 4; lastKnownFileType = file.xib; path = ShoppingCart.xib; sourceTree = "<group>"; };
		9C970E2A1AE9C61200554D17 /* ShoppingCartViewController.swift */ = {isa = PBXFileReference; fileEncoding = 4; lastKnownFileType = sourcecode.swift; path = ShoppingCartViewController.swift; sourceTree = "<group>"; };
/* End PBXFileReference section */

/* Begin PBXFrameworksBuildPhase section */
		9C8CFDDB1AD82C2B00E322E7 /* Frameworks */ = {
			isa = PBXFrameworksBuildPhase;
			buildActionMask = 2147483647;
			files = (
				61DF93A71AFCFDBD000E8BDA /* Bolts.framework in Frameworks */,
				61DF93A81AFCFDBD000E8BDA /* Parse.framework in Frameworks */,
				61DF93A91AFCFDBD000E8BDA /* ParseCrashReporting.framework in Frameworks */,
				61DF93AA1AFCFDBD000E8BDA /* ParseFacebookUtils.framework in Frameworks */,
				61DF93AB1AFCFDBD000E8BDA /* ParseFacebookUtilsV4.framework in Frameworks */,
				61DF93AC1AFCFDBD000E8BDA /* ParseUI.framework in Frameworks */,
				9C6C3A631AF2E1CA005A0322 /* PassKit.framework in Frameworks */,
				9C6C3A611AF2E1C3005A0322 /* Foundation.framework in Frameworks */,
				61F080251AE164FD006D3480 /* Accounts.framework in Frameworks */,
				610F79991AE16483006B8C6E /* Social.framework in Frameworks */,
				61248F8B1AE1588B003473DE /* libz.dylib in Frameworks */,
				61248F891AE1587D003473DE /* libsqlite3.dylib in Frameworks */,
				61248F9D1AE15928003473DE /* libdbm.dylib in Frameworks */,
				61248F9F1AE15936003473DE /* CoreData.framework in Frameworks */,
				61248F9B1AE15919003473DE /* SystemConfiguration.framework in Frameworks */,
				61248F991AE15903003473DE /* AudioToolbox.framework in Frameworks */,
				61248F971AE158F4003473DE /* CFNetwork.framework in Frameworks */,
				61248F951AE158E7003473DE /* CoreLocation.framework in Frameworks */,
				61248F931AE158DB003473DE /* MobileCoreServices.framework in Frameworks */,
				61248F911AE158C9003473DE /* QuartzCore.framework in Frameworks */,
				61248F8F1AE158BD003473DE /* Security.framework in Frameworks */,
				61248F8D1AE158AF003473DE /* StoreKit.framework in Frameworks */,
			);
			runOnlyForDeploymentPostprocessing = 0;
		};
		9C8CFDF21AD82C2B00E322E7 /* Frameworks */ = {
			isa = PBXFrameworksBuildPhase;
			buildActionMask = 2147483647;
			files = (
			);
			runOnlyForDeploymentPostprocessing = 0;
		};
/* End PBXFrameworksBuildPhase section */

/* Begin PBXGroup section */
		9C1A49131AF5B34500CDDE5C /* PaymentKit */ = {
			isa = PBXGroup;
			children = (
				9C1A49141AF5B34500CDDE5C /* PTKAddressZip.h */,
				9C1A49151AF5B34500CDDE5C /* PTKAddressZip.m */,
				9C1A49161AF5B34500CDDE5C /* PTKCard.h */,
				9C1A49171AF5B34500CDDE5C /* PTKCard.m */,
				9C1A49181AF5B34500CDDE5C /* PTKCardCVC.h */,
				9C1A49191AF5B34500CDDE5C /* PTKCardCVC.m */,
				9C1A491A1AF5B34500CDDE5C /* PTKCardExpiry.h */,
				9C1A491B1AF5B34500CDDE5C /* PTKCardExpiry.m */,
				9C1A491C1AF5B34500CDDE5C /* PTKCardNumber.h */,
				9C1A491D1AF5B34500CDDE5C /* PTKCardNumber.m */,
				9C1A491E1AF5B34500CDDE5C /* PTKCardType.h */,
				9C1A491F1AF5B34500CDDE5C /* PTKComponent.h */,
				9C1A49201AF5B34500CDDE5C /* PTKComponent.m */,
				9C1A49211AF5B34500CDDE5C /* PTKTextField.h */,
				9C1A49221AF5B34500CDDE5C /* PTKTextField.m */,
				9C1A49231AF5B34500CDDE5C /* PTKUSAddressZip.h */,
				9C1A49241AF5B34500CDDE5C /* PTKUSAddressZip.m */,
				9C1A49251AF5B34500CDDE5C /* PTKView.h */,
				9C1A49261AF5B34500CDDE5C /* PTKView.m */,
				9C1A49271AF5B34500CDDE5C /* Resources */,
			);
			name = PaymentKit;
			path = "../../../Downloads/PaymentKit-master/PaymentKit";
			sourceTree = "<group>";
		};
		9C1A49271AF5B34500CDDE5C /* Resources */ = {
			isa = PBXGroup;
			children = (
				9C1A49281AF5B34500CDDE5C /* Cards */,
				9C1A493B1AF5B34500CDDE5C /* gradient@2x.png */,
				9C1A493C1AF5B34500CDDE5C /* textfield.png */,
				9C1A493D1AF5B34500CDDE5C /* textfield@2x.png */,
			);
			path = Resources;
			sourceTree = "<group>";
		};
		9C1A49281AF5B34500CDDE5C /* Cards */ = {
			isa = PBXGroup;
			children = (
				9C1A49291AF5B34500CDDE5C /* amex.png */,
				9C1A492A1AF5B34500CDDE5C /* amex@2x.png */,
				9C1A492B1AF5B34500CDDE5C /* cvc-amex.png */,
				9C1A492C1AF5B34500CDDE5C /* cvc-amex@2x.png */,
				9C1A492D1AF5B34500CDDE5C /* cvc.png */,
				9C1A492E1AF5B34500CDDE5C /* cvc@2x.png */,
				9C1A492F1AF5B34500CDDE5C /* diners.png */,
				9C1A49301AF5B34500CDDE5C /* diners@2x.png */,
				9C1A49311AF5B34500CDDE5C /* discover.png */,
				9C1A49321AF5B34500CDDE5C /* discover@2x.png */,
				9C1A49331AF5B34500CDDE5C /* jcb.png */,
				9C1A49341AF5B34500CDDE5C /* jcb@2x.png */,
				9C1A49351AF5B34500CDDE5C /* mastercard.png */,
				9C1A49361AF5B34500CDDE5C /* mastercard@2x.png */,
				9C1A49371AF5B34500CDDE5C /* placeholder.png */,
				9C1A49381AF5B34500CDDE5C /* placeholder@2x.png */,
				9C1A49391AF5B34500CDDE5C /* visa.png */,
				9C1A493A1AF5B34500CDDE5C /* visa@2x.png */,
			);
			path = Cards;
			sourceTree = "<group>";
		};
		9C1A495C1AF5B35F00CDDE5C /* Stripe */ = {
			isa = PBXGroup;
			children = (
				9C1A495D1AF5B35F00CDDE5C /* ApplePay */,
				9C1A49601AF5B35F00CDDE5C /* BuildConfigurations */,
				9C1A49741AF5B35F00CDDE5C /* Checkout */,
				9C1A49831AF5B35F00CDDE5C /* Info.plist */,
				9C1A49841AF5B35F00CDDE5C /* PublicHeaders */,
				9C1A49911AF5B35F00CDDE5C /* STPAPIClient.m */,
				9C1A49921AF5B35F00CDDE5C /* STPAPIConnection.h */,
				9C1A49931AF5B35F00CDDE5C /* STPAPIConnection.m */,
				9C1A49941AF5B35F00CDDE5C /* STPBankAccount.m */,
				9C1A49951AF5B35F00CDDE5C /* STPCard.m */,
				9C1A49961AF5B35F00CDDE5C /* STPFormEncoder.h */,
				9C1A49971AF5B35F00CDDE5C /* STPFormEncoder.m */,
				9C1A49981AF5B35F00CDDE5C /* STPToken.m */,
				9C1A49991AF5B35F00CDDE5C /* StripeError.m */,
			);
			name = Stripe;
			path = "../../../Downloads/stripe-ios-master/Stripe";
			sourceTree = "<group>";
		};
		9C1A495D1AF5B35F00CDDE5C /* ApplePay */ = {
			isa = PBXGroup;
			children = (
				9C1A495E1AF5B35F00CDDE5C /* STPAPIClient+ApplePay.m */,
				9C1A495F1AF5B35F00CDDE5C /* Stripe+ApplePay.m */,
			);
			path = ApplePay;
			sourceTree = "<group>";
		};
		9C1A49601AF5B35F00CDDE5C /* BuildConfigurations */ = {
			isa = PBXGroup;
			children = (
				9C1A49611AF5B35F00CDDE5C /* Project-Debug.xcconfig */,
				9C1A49621AF5B35F00CDDE5C /* Project-Release.xcconfig */,
				9C1A49631AF5B35F00CDDE5C /* Project-Shared.xcconfig */,
				9C1A49641AF5B35F00CDDE5C /* StripeiOS Tests-Debug.xcconfig */,
				9C1A49651AF5B35F00CDDE5C /* StripeiOS Tests-Release.xcconfig */,
				9C1A49661AF5B35F00CDDE5C /* StripeiOS Tests-Shared.xcconfig */,
				9C1A49671AF5B35F00CDDE5C /* StripeiOS-Debug.xcconfig */,
				9C1A49681AF5B35F00CDDE5C /* StripeiOS-Release.xcconfig */,
				9C1A49691AF5B35F00CDDE5C /* StripeiOS-Shared.xcconfig */,
				9C1A496A1AF5B35F00CDDE5C /* StripeiOSStatic.xcconfig */,
				9C1A496B1AF5B35F00CDDE5C /* StripeiOSStaticFramework.xcconfig */,
				9C1A496C1AF5B35F00CDDE5C /* StripeiOSStaticFrameworkWithoutApplePay.xcconfig */,
				9C1A496D1AF5B35F00CDDE5C /* StripeiOSStaticWithoutApplePay.xcconfig */,
				9C1A496E1AF5B35F00CDDE5C /* StripeOSX-Debug.xcconfig */,
				9C1A496F1AF5B35F00CDDE5C /* StripeOSX-Release.xcconfig */,
				9C1A49701AF5B35F00CDDE5C /* StripeOSX-Shared.xcconfig */,
				9C1A49711AF5B35F00CDDE5C /* StripeOSXTests-Debug.xcconfig */,
				9C1A49721AF5B35F00CDDE5C /* StripeOSXTests-Release.xcconfig */,
				9C1A49731AF5B35F00CDDE5C /* StripeOSXTests-Shared.xcconfig */,
			);
			path = BuildConfigurations;
			sourceTree = "<group>";
		};
		9C1A49741AF5B35F00CDDE5C /* Checkout */ = {
			isa = PBXGroup;
			children = (
				9C1A49751AF5B35F00CDDE5C /* STPCheckoutDelegate.h */,
				9C1A49761AF5B35F00CDDE5C /* STPCheckoutInternalUIWebViewController.h */,
				9C1A49771AF5B35F00CDDE5C /* STPCheckoutInternalUIWebViewController.m */,
				9C1A49781AF5B35F00CDDE5C /* STPCheckoutOptions.m */,
				9C1A49791AF5B35F00CDDE5C /* STPCheckoutViewController.m */,
				9C1A497A1AF5B35F00CDDE5C /* STPCheckoutWebViewAdapter.h */,
				9C1A497B1AF5B35F00CDDE5C /* STPColorUtils.h */,
				9C1A497C1AF5B35F00CDDE5C /* STPColorUtils.m */,
				9C1A497D1AF5B35F00CDDE5C /* STPIOSCheckoutWebViewAdapter.h */,
				9C1A497E1AF5B35F00CDDE5C /* STPIOSCheckoutWebViewAdapter.m */,
				9C1A497F1AF5B35F00CDDE5C /* STPOSXCheckoutWebViewAdapter.h */,
				9C1A49801AF5B35F00CDDE5C /* STPOSXCheckoutWebViewAdapter.m */,
				9C1A49811AF5B35F00CDDE5C /* STPStrictURLProtocol.h */,
				9C1A49821AF5B35F00CDDE5C /* STPStrictURLProtocol.m */,
			);
			path = Checkout;
			sourceTree = "<group>";
		};
		9C1A49841AF5B35F00CDDE5C /* PublicHeaders */ = {
			isa = PBXGroup;
			children = (
				9C1A49851AF5B35F00CDDE5C /* ApplePay */,
				9C1A49881AF5B35F00CDDE5C /* Checkout */,
				9C1A498B1AF5B35F00CDDE5C /* STPAPIClient.h */,
				9C1A498C1AF5B35F00CDDE5C /* STPBankAccount.h */,
				9C1A498D1AF5B35F00CDDE5C /* STPCard.h */,
				9C1A498E1AF5B35F00CDDE5C /* STPToken.h */,
				9C1A498F1AF5B35F00CDDE5C /* Stripe.h */,
				9C1A49901AF5B35F00CDDE5C /* StripeError.h */,
			);
			path = PublicHeaders;
			sourceTree = "<group>";
		};
		9C1A49851AF5B35F00CDDE5C /* ApplePay */ = {
			isa = PBXGroup;
			children = (
				9C1A49861AF5B35F00CDDE5C /* STPAPIClient+ApplePay.h */,
				9C1A49871AF5B35F00CDDE5C /* Stripe+ApplePay.h */,
			);
			path = ApplePay;
			sourceTree = "<group>";
		};
		9C1A49881AF5B35F00CDDE5C /* Checkout */ = {
			isa = PBXGroup;
			children = (
				9C1A49891AF5B35F00CDDE5C /* STPCheckoutOptions.h */,
				9C1A498A1AF5B35F00CDDE5C /* STPCheckoutViewController.h */,
			);
			path = Checkout;
			sourceTree = "<group>";
		};
		9C8CFDD51AD82C2B00E322E7 = {
			isa = PBXGroup;
			children = (
				61DF93AD1AFCFDF7000E8BDA /* Default-568h@2x.png */,
				9C1A495C1AF5B35F00CDDE5C /* Stripe */,
				9C1A49131AF5B34500CDDE5C /* PaymentKit */,
				9C8CFDE01AD82C2B00E322E7 /* Ecommerce */,
				9C8CFDF81AD82C2B00E322E7 /* EcommerceTests */,
				9C8CFDDF1AD82C2B00E322E7 /* Products */,
				F250D5942F9EFB66D69F5CF1 /* Frameworks */,
			);
			sourceTree = "<group>";
		};
		9C8CFDDF1AD82C2B00E322E7 /* Products */ = {
			isa = PBXGroup;
			children = (
				9C8CFDDE1AD82C2B00E322E7 /* Ecommerce.app */,
				9C8CFDF51AD82C2B00E322E7 /* EcommerceTests.xctest */,
			);
			name = Products;
			sourceTree = "<group>";
		};
		9C8CFDE01AD82C2B00E322E7 /* Ecommerce */ = {
			isa = PBXGroup;
			children = (
				9C8CFE061AD82CA800E322E7 /* Apple_Swift_Logo.png */,
				9C8CFE071AD82CA900E322E7 /* AppDelegate.swift */,
				9C8CFE081AD82CA900E322E7 /* Regex.swift */,
				9C8CFE091AD82CA900E322E7 /* View.xib */,
				9C8CFE0A1AD82CA900E322E7 /* FirstViewController.swift */,
				9C8CFE0B1AD82CA900E322E7 /* CategoryViewController.swift */,
				9C8CFE0C1AD82CA900E322E7 /* ProductDetailViewController.swift */,
				9C8CFE0D1AD82CA900E322E7 /* Login.xib */,
				9C8CFE0E1AD82CA900E322E7 /* ProductDetailView.xib */,
				9C8CFE0F1AD82CA900E322E7 /* ProductDetail.xib */,
				9C1A49BE1AF6510200CDDE5C /* PaymentViewController.swift */,
				9C1A49BF1AF6510200CDDE5C /* PaymentViewController.xib */,
				9C8CFE101AD82CA900E322E7 /* DummyViewController.swift */,
				9C8CFE111AD82CA900E322E7 /* CategoryViewCell.swift */,
				9C8CFE121AD82CA900E322E7 /* CategoryCollectionView.xib */,
				9C970E281AE9C52600554D17 /* ShoppingCart.xib */,
				9C970E2A1AE9C61200554D17 /* ShoppingCartViewController.swift */,
				9C8CFE131AD82CA900E322E7 /* CategoryCollectionView.swift */,
				9C8CFE141AD82CA900E322E7 /* CategoryPrototypeCell.xib */,
				9C8CFE151AD82CA900E322E7 /* CategoryPrototypeCell.swift */,
				9C8CFE161AD82CA900E322E7 /* SecondViewController.swift */,
				9C970E241AE84CE300554D17 /* LoginSignUpViewController.swift */,
				9C970E251AE84CE300554D17 /* LoginSignUpViewController.xib */,
				9C8CFE171AD82CA900E322E7 /* TableViewController.swift */,
				9C8CFE181AD82CA900E322E7 /* File.swift */,
				9C8CFE191AD82CA900E322E7 /* Main.storyboard */,
				9C8CFDEC1AD82C2B00E322E7 /* Images.xcassets */,
				9C8CFDEE1AD82C2B00E322E7 /* LaunchScreen.xib */,
				9C8CFDE11AD82C2B00E322E7 /* Supporting Files */,
				9C8CFE051AD82CA800E322E7 /* Ecommerce-Bridging-Header.h */,
				9C92B3031AE091E70044E610 /* CustomPFLogInViewController.m */,
			);
			path = Ecommerce;
			sourceTree = "<group>";
		};
		9C8CFDE11AD82C2B00E322E7 /* Supporting Files */ = {
			isa = PBXGroup;
			children = (
				9C8CFDE21AD82C2B00E322E7 /* Info.plist */,
			);
			name = "Supporting Files";
			sourceTree = "<group>";
		};
		9C8CFDF81AD82C2B00E322E7 /* EcommerceTests */ = {
			isa = PBXGroup;
			children = (
				9C8CFDFB1AD82C2B00E322E7 /* EcommerceTests.swift */,
				9C8CFDF91AD82C2B00E322E7 /* Supporting Files */,
			);
			path = EcommerceTests;
			sourceTree = "<group>";
		};
		9C8CFDF91AD82C2B00E322E7 /* Supporting Files */ = {
			isa = PBXGroup;
			children = (
				9C8CFDFA1AD82C2B00E322E7 /* Info.plist */,
			);
			name = "Supporting Files";
			sourceTree = "<group>";
		};
		F250D5942F9EFB66D69F5CF1 /* Frameworks */ = {
			isa = PBXGroup;
			children = (
				61DF93A11AFCFDBD000E8BDA /* Bolts.framework */,
				61DF93A21AFCFDBD000E8BDA /* Parse.framework */,
				61DF93A31AFCFDBD000E8BDA /* ParseCrashReporting.framework */,
				61DF93A41AFCFDBD000E8BDA /* ParseFacebookUtils.framework */,
				61DF93A51AFCFDBD000E8BDA /* ParseFacebookUtilsV4.framework */,
				61DF93A61AFCFDBD000E8BDA /* ParseUI.framework */,
				9C6C3A621AF2E1CA005A0322 /* PassKit.framework */,
				9C6C3A601AF2E1C3005A0322 /* Foundation.framework */,
				61F080241AE164FD006D3480 /* Accounts.framework */,
				610F79981AE16483006B8C6E /* Social.framework */,
				61248F9E1AE15936003473DE /* CoreData.framework */,
				61248F9C1AE15928003473DE /* libdbm.dylib */,
				61248F9A1AE15919003473DE /* SystemConfiguration.framework */,
				61248F981AE15903003473DE /* AudioToolbox.framework */,
				61248F961AE158F4003473DE /* CFNetwork.framework */,
				61248F941AE158E7003473DE /* CoreLocation.framework */,
				61248F921AE158DB003473DE /* MobileCoreServices.framework */,
				61248F901AE158C9003473DE /* QuartzCore.framework */,
				61248F8E1AE158BD003473DE /* Security.framework */,
				61248F8C1AE158AF003473DE /* StoreKit.framework */,
				61248F8A1AE1588B003473DE /* libz.dylib */,
				61248F881AE1587D003473DE /* libsqlite3.dylib */,
			);
			name = Frameworks;
			sourceTree = "<group>";
		};
/* End PBXGroup section */

/* Begin PBXNativeTarget section */
		9C8CFDDD1AD82C2B00E322E7 /* Ecommerce */ = {
			isa = PBXNativeTarget;
			buildConfigurationList = 9C8CFDFF1AD82C2B00E322E7 /* Build configuration list for PBXNativeTarget "Ecommerce" */;
			buildPhases = (
				9C8CFDDA1AD82C2B00E322E7 /* Sources */,
				9C8CFDDB1AD82C2B00E322E7 /* Frameworks */,
				9C8CFDDC1AD82C2B00E322E7 /* Resources */,
			);
			buildRules = (
			);
			dependencies = (
			);
			name = Ecommerce;
			productName = Ecommerce;
			productReference = 9C8CFDDE1AD82C2B00E322E7 /* Ecommerce.app */;
			productType = "com.apple.product-type.application";
		};
		9C8CFDF41AD82C2B00E322E7 /* EcommerceTests */ = {
			isa = PBXNativeTarget;
			buildConfigurationList = 9C8CFE021AD82C2B00E322E7 /* Build configuration list for PBXNativeTarget "EcommerceTests" */;
			buildPhases = (
				9C8CFDF11AD82C2B00E322E7 /* Sources */,
				9C8CFDF21AD82C2B00E322E7 /* Frameworks */,
				9C8CFDF31AD82C2B00E322E7 /* Resources */,
			);
			buildRules = (
			);
			dependencies = (
				9C8CFDF71AD82C2B00E322E7 /* PBXTargetDependency */,
			);
			name = EcommerceTests;
			productName = EcommerceTests;
			productReference = 9C8CFDF51AD82C2B00E322E7 /* EcommerceTests.xctest */;
			productType = "com.apple.product-type.bundle.unit-test";
		};
/* End PBXNativeTarget section */

/* Begin PBXProject section */
		9C8CFDD61AD82C2B00E322E7 /* Project object */ = {
			isa = PBXProject;
			attributes = {
				LastUpgradeCheck = 0620;
				ORGANIZATIONNAME = "Ashwinkarthik Srinivasan";
				TargetAttributes = {
					9C8CFDDD1AD82C2B00E322E7 = {
						CreatedOnToolsVersion = 6.2;
					};
					9C8CFDF41AD82C2B00E322E7 = {
						CreatedOnToolsVersion = 6.2;
						TestTargetID = 9C8CFDDD1AD82C2B00E322E7;
					};
				};
			};
			buildConfigurationList = 9C8CFDD91AD82C2B00E322E7 /* Build configuration list for PBXProject "Ecommerce" */;
			compatibilityVersion = "Xcode 3.2";
			developmentRegion = English;
			hasScannedForEncodings = 0;
			knownRegions = (
				en,
				Base,
			);
			mainGroup = 9C8CFDD51AD82C2B00E322E7;
			productRefGroup = 9C8CFDDF1AD82C2B00E322E7 /* Products */;
			projectDirPath = "";
			projectRoot = "";
			targets = (
				9C8CFDDD1AD82C2B00E322E7 /* Ecommerce */,
				9C8CFDF41AD82C2B00E322E7 /* EcommerceTests */,
			);
		};
/* End PBXProject section */

/* Begin PBXResourcesBuildPhase section */
		9C8CFDDC1AD82C2B00E322E7 /* Resources */ = {
			isa = PBXResourcesBuildPhase;
			buildActionMask = 2147483647;
			files = (
				9C1A494A1AF5B34500CDDE5C /* cvc-amex@2x.png in Resources */,
				9C1A499E1AF5B35F00CDDE5C /* Project-Shared.xcconfig in Resources */,
				9C1A49AC1AF5B35F00CDDE5C /* StripeOSXTests-Debug.xcconfig in Resources */,
				9C8CFE261AD82CA900E322E7 /* CategoryCollectionView.xib in Resources */,
				9C1A49AD1AF5B35F00CDDE5C /* StripeOSXTests-Release.xcconfig in Resources */,
				9C1A49C11AF6510200CDDE5C /* PaymentViewController.xib in Resources */,
				9C1A494B1AF5B34500CDDE5C /* cvc.png in Resources */,
				9C1A49A61AF5B35F00CDDE5C /* StripeiOSStaticFramework.xcconfig in Resources */,
				9C1A49571AF5B34500CDDE5C /* visa.png in Resources */,
				9C1A49A71AF5B35F00CDDE5C /* StripeiOSStaticFrameworkWithoutApplePay.xcconfig in Resources */,
				9C1A49481AF5B34500CDDE5C /* amex@2x.png in Resources */,
				9C1A49511AF5B34500CDDE5C /* jcb.png in Resources */,
				9C1A49471AF5B34500CDDE5C /* amex.png in Resources */,
				9C1A49A81AF5B35F00CDDE5C /* StripeiOSStaticWithoutApplePay.xcconfig in Resources */,
				9C8CFE2D1AD82CA900E322E7 /* Main.storyboard in Resources */,
				9C1A49A91AF5B35F00CDDE5C /* StripeOSX-Debug.xcconfig in Resources */,
				9C1A495B1AF5B34500CDDE5C /* textfield@2x.png in Resources */,
				9C1A49591AF5B34500CDDE5C /* gradient@2x.png in Resources */,
				9C1A49AE1AF5B35F00CDDE5C /* StripeOSXTests-Shared.xcconfig in Resources */,
				9C1A495A1AF5B34500CDDE5C /* textfield.png in Resources */,
				9C8CFE1D1AD82CA900E322E7 /* View.xib in Resources */,
				9C1A49541AF5B34500CDDE5C /* mastercard@2x.png in Resources */,
				9C8CFE1A1AD82CA900E322E7 /* Apple_Swift_Logo.png in Resources */,
				61DF93AE1AFCFDF7000E8BDA /* Default-568h@2x.png in Resources */,
				9C8CFDF01AD82C2B00E322E7 /* LaunchScreen.xib in Resources */,
				9C1A499D1AF5B35F00CDDE5C /* Project-Release.xcconfig in Resources */,
				9C1A494F1AF5B34500CDDE5C /* discover.png in Resources */,
				9C1A49A31AF5B35F00CDDE5C /* StripeiOS-Release.xcconfig in Resources */,
				9C1A499F1AF5B35F00CDDE5C /* StripeiOS Tests-Debug.xcconfig in Resources */,
				9C1A49AA1AF5B35F00CDDE5C /* StripeOSX-Release.xcconfig in Resources */,
				9C1A49A41AF5B35F00CDDE5C /* StripeiOS-Shared.xcconfig in Resources */,
				9C1A499C1AF5B35F00CDDE5C /* Project-Debug.xcconfig in Resources */,
				9C1A49491AF5B34500CDDE5C /* cvc-amex.png in Resources */,
				9C8CFE221AD82CA900E322E7 /* ProductDetailView.xib in Resources */,
				9C8CFDED1AD82C2B00E322E7 /* Images.xcassets in Resources */,
				9C970E291AE9C52600554D17 /* ShoppingCart.xib in Resources */,
				9C1A494D1AF5B34500CDDE5C /* diners.png in Resources */,
				9C1A49B61AF5B36000CDDE5C /* Info.plist in Resources */,
				9C1A49501AF5B34500CDDE5C /* discover@2x.png in Resources */,
				9C1A49531AF5B34500CDDE5C /* mastercard.png in Resources */,
				9C8CFE231AD82CA900E322E7 /* ProductDetail.xib in Resources */,
				9C8CFE281AD82CA900E322E7 /* CategoryPrototypeCell.xib in Resources */,
				9C1A49A21AF5B35F00CDDE5C /* StripeiOS-Debug.xcconfig in Resources */,
				9C1A494C1AF5B34500CDDE5C /* cvc@2x.png in Resources */,
				9C1A49581AF5B34500CDDE5C /* visa@2x.png in Resources */,
				9C1A49A11AF5B35F00CDDE5C /* StripeiOS Tests-Shared.xcconfig in Resources */,
				9C1A49561AF5B34500CDDE5C /* placeholder@2x.png in Resources */,
				9C1A49551AF5B34500CDDE5C /* placeholder.png in Resources */,
				9C970E271AE84CE300554D17 /* LoginSignUpViewController.xib in Resources */,
				9C1A49AB1AF5B35F00CDDE5C /* StripeOSX-Shared.xcconfig in Resources */,
				9C1A49A01AF5B35F00CDDE5C /* StripeiOS Tests-Release.xcconfig in Resources */,
				9C1A49A51AF5B35F00CDDE5C /* StripeiOSStatic.xcconfig in Resources */,
				9C8CFE211AD82CA900E322E7 /* Login.xib in Resources */,
				9C1A49521AF5B34500CDDE5C /* jcb@2x.png in Resources */,
				9C1A494E1AF5B34500CDDE5C /* diners@2x.png in Resources */,
			);
			runOnlyForDeploymentPostprocessing = 0;
		};
		9C8CFDF31AD82C2B00E322E7 /* Resources */ = {
			isa = PBXResourcesBuildPhase;
			buildActionMask = 2147483647;
			files = (
			);
			runOnlyForDeploymentPostprocessing = 0;
		};
/* End PBXResourcesBuildPhase section */

/* Begin PBXSourcesBuildPhase section */
		9C8CFDDA1AD82C2B00E322E7 /* Sources */ = {
			isa = PBXSourcesBuildPhase;
			buildActionMask = 2147483647;
			files = (
				9C1A49B01AF5B36000CDDE5C /* STPCheckoutOptions.m in Sources */,
				9C8CFE1F1AD82CA900E322E7 /* CategoryViewController.swift in Sources */,
				9C8CFE2C1AD82CA900E322E7 /* File.swift in Sources */,
				9C1A493E1AF5B34500CDDE5C /* PTKAddressZip.m in Sources */,
				9C1A49451AF5B34500CDDE5C /* PTKUSAddressZip.m in Sources */,
				9C8CFE241AD82CA900E322E7 /* DummyViewController.swift in Sources */,
				9C8CFE1E1AD82CA900E322E7 /* FirstViewController.swift in Sources */,
				9C8CFE201AD82CA900E322E7 /* ProductDetailViewController.swift in Sources */,
				9C8CFE271AD82CA900E322E7 /* CategoryCollectionView.swift in Sources */,
				9C8CFE291AD82CA900E322E7 /* CategoryPrototypeCell.swift in Sources */,
				9C1A49431AF5B34500CDDE5C /* PTKComponent.m in Sources */,
				9C1A49421AF5B34500CDDE5C /* PTKCardNumber.m in Sources */,
				9C8CFE2B1AD82CA900E322E7 /* TableViewController.swift in Sources */,
				9C92B3041AE091E70044E610 /* CustomPFLogInViewController.m in Sources */,
				9C1A49B51AF5B36000CDDE5C /* STPStrictURLProtocol.m in Sources */,
				9C1A49B91AF5B36000CDDE5C /* STPBankAccount.m in Sources */,
				9C1A499A1AF5B35F00CDDE5C /* STPAPIClient+ApplePay.m in Sources */,
				9C1A49BD1AF5B36000CDDE5C /* StripeError.m in Sources */,
				9C1A49401AF5B34500CDDE5C /* PTKCardCVC.m in Sources */,
				9C1A49C01AF6510200CDDE5C /* PaymentViewController.swift in Sources */,
				9C1A49BC1AF5B36000CDDE5C /* STPToken.m in Sources */,
				9C1A49B11AF5B36000CDDE5C /* STPCheckoutViewController.m in Sources */,
				9C1A49411AF5B34500CDDE5C /* PTKCardExpiry.m in Sources */,
				9C1A493F1AF5B34500CDDE5C /* PTKCard.m in Sources */,
				9C8CFE1B1AD82CA900E322E7 /* AppDelegate.swift in Sources */,
				9C970E261AE84CE300554D17 /* LoginSignUpViewController.swift in Sources */,
				9C1A49441AF5B34500CDDE5C /* PTKTextField.m in Sources */,
				9C1A499B1AF5B35F00CDDE5C /* Stripe+ApplePay.m in Sources */,
				9C8CFE1C1AD82CA900E322E7 /* Regex.swift in Sources */,
				9C8CFE2A1AD82CA900E322E7 /* SecondViewController.swift in Sources */,
				9C1A49B31AF5B36000CDDE5C /* STPIOSCheckoutWebViewAdapter.m in Sources */,
				9C1A49BB1AF5B36000CDDE5C /* STPFormEncoder.m in Sources */,
				9C1A49B41AF5B36000CDDE5C /* STPOSXCheckoutWebViewAdapter.m in Sources */,
				9C1A49B21AF5B36000CDDE5C /* STPColorUtils.m in Sources */,
				9C8CFE251AD82CA900E322E7 /* CategoryViewCell.swift in Sources */,
				9C1A49461AF5B34500CDDE5C /* PTKView.m in Sources */,
				9C1A49B81AF5B36000CDDE5C /* STPAPIConnection.m in Sources */,
				9C970E2B1AE9C61200554D17 /* ShoppingCartViewController.swift in Sources */,
				9C1A49BA1AF5B36000CDDE5C /* STPCard.m in Sources */,
				9C1A49AF1AF5B35F00CDDE5C /* STPCheckoutInternalUIWebViewController.m in Sources */,
				9C1A49B71AF5B36000CDDE5C /* STPAPIClient.m in Sources */,
			);
			runOnlyForDeploymentPostprocessing = 0;
		};
		9C8CFDF11AD82C2B00E322E7 /* Sources */ = {
			isa = PBXSourcesBuildPhase;
			buildActionMask = 2147483647;
			files = (
				9C8CFDFC1AD82C2B00E322E7 /* EcommerceTests.swift in Sources */,
			);
			runOnlyForDeploymentPostprocessing = 0;
		};
/* End PBXSourcesBuildPhase section */

/* Begin PBXTargetDependency section */
		9C8CFDF71AD82C2B00E322E7 /* PBXTargetDependency */ = {
			isa = PBXTargetDependency;
			target = 9C8CFDDD1AD82C2B00E322E7 /* Ecommerce */;
			targetProxy = 9C8CFDF61AD82C2B00E322E7 /* PBXContainerItemProxy */;
		};
/* End PBXTargetDependency section */

/* Begin PBXVariantGroup section */
		9C8CFDEE1AD82C2B00E322E7 /* LaunchScreen.xib */ = {
			isa = PBXVariantGroup;
			children = (
				9C8CFDEF1AD82C2B00E322E7 /* Base */,
			);
			name = LaunchScreen.xib;
			sourceTree = "<group>";
		};
/* End PBXVariantGroup section */

/* Begin XCBuildConfiguration section */
		9C8CFDFD1AD82C2B00E322E7 /* Debug */ = {
			isa = XCBuildConfiguration;
			buildSettings = {
				ALWAYS_SEARCH_USER_PATHS = NO;
				CLANG_CXX_LANGUAGE_STANDARD = "gnu++0x";
				CLANG_CXX_LIBRARY = "libc++";
				CLANG_ENABLE_MODULES = YES;
				CLANG_ENABLE_OBJC_ARC = YES;
				CLANG_WARN_BOOL_CONVERSION = YES;
				CLANG_WARN_CONSTANT_CONVERSION = YES;
				CLANG_WARN_DIRECT_OBJC_ISA_USAGE = YES_ERROR;
				CLANG_WARN_EMPTY_BODY = YES;
				CLANG_WARN_ENUM_CONVERSION = YES;
				CLANG_WARN_INT_CONVERSION = YES;
				CLANG_WARN_OBJC_ROOT_CLASS = YES_ERROR;
				CLANG_WARN_UNREACHABLE_CODE = YES;
				CLANG_WARN__DUPLICATE_METHOD_MATCH = YES;
				"CODE_SIGN_IDENTITY[sdk=iphoneos*]" = "iPhone Developer";
				COPY_PHASE_STRIP = NO;
				ENABLE_STRICT_OBJC_MSGSEND = YES;
				GCC_C_LANGUAGE_STANDARD = gnu99;
				GCC_DYNAMIC_NO_PIC = NO;
				GCC_OPTIMIZATION_LEVEL = 0;
				GCC_PREPROCESSOR_DEFINITIONS = (
					"DEBUG=1",
					"$(inherited)",
				);
				GCC_SYMBOLS_PRIVATE_EXTERN = NO;
				GCC_WARN_64_TO_32_BIT_CONVERSION = YES;
				GCC_WARN_ABOUT_RETURN_TYPE = YES_ERROR;
				GCC_WARN_UNDECLARED_SELECTOR = YES;
				GCC_WARN_UNINITIALIZED_AUTOS = YES_AGGRESSIVE;
				GCC_WARN_UNUSED_FUNCTION = YES;
				GCC_WARN_UNUSED_VARIABLE = YES;
				IPHONEOS_DEPLOYMENT_TARGET = 8.2;
				MTL_ENABLE_DEBUG_INFO = YES;
				ONLY_ACTIVE_ARCH = YES;
				SDKROOT = iphoneos;
				SWIFT_OPTIMIZATION_LEVEL = "-Onone";
				TARGETED_DEVICE_FAMILY = "1,2";
			};
			name = Debug;
		};
		9C8CFDFE1AD82C2B00E322E7 /* Release */ = {
			isa = XCBuildConfiguration;
			buildSettings = {
				ALWAYS_SEARCH_USER_PATHS = NO;
				CLANG_CXX_LANGUAGE_STANDARD = "gnu++0x";
				CLANG_CXX_LIBRARY = "libc++";
				CLANG_ENABLE_MODULES = YES;
				CLANG_ENABLE_OBJC_ARC = YES;
				CLANG_WARN_BOOL_CONVERSION = YES;
				CLANG_WARN_CONSTANT_CONVERSION = YES;
				CLANG_WARN_DIRECT_OBJC_ISA_USAGE = YES_ERROR;
				CLANG_WARN_EMPTY_BODY = YES;
				CLANG_WARN_ENUM_CONVERSION = YES;
				CLANG_WARN_INT_CONVERSION = YES;
				CLANG_WARN_OBJC_ROOT_CLASS = YES_ERROR;
				CLANG_WARN_UNREACHABLE_CODE = YES;
				CLANG_WARN__DUPLICATE_METHOD_MATCH = YES;
				"CODE_SIGN_IDENTITY[sdk=iphoneos*]" = "iPhone Developer";
				COPY_PHASE_STRIP = NO;
				ENABLE_NS_ASSERTIONS = NO;
				ENABLE_STRICT_OBJC_MSGSEND = YES;
				GCC_C_LANGUAGE_STANDARD = gnu99;
				GCC_WARN_64_TO_32_BIT_CONVERSION = YES;
				GCC_WARN_ABOUT_RETURN_TYPE = YES_ERROR;
				GCC_WARN_UNDECLARED_SELECTOR = YES;
				GCC_WARN_UNINITIALIZED_AUTOS = YES_AGGRESSIVE;
				GCC_WARN_UNUSED_FUNCTION = YES;
				GCC_WARN_UNUSED_VARIABLE = YES;
				IPHONEOS_DEPLOYMENT_TARGET = 8.2;
				MTL_ENABLE_DEBUG_INFO = NO;
				SDKROOT = iphoneos;
				TARGETED_DEVICE_FAMILY = "1,2";
				VALIDATE_PRODUCT = YES;
			};
			name = Release;
		};
		9C8CFE001AD82C2B00E322E7 /* Debug */ = {
			isa = XCBuildConfiguration;
			buildSettings = {
				ASSETCATALOG_COMPILER_APPICON_NAME = AppIcon;
				CLANG_ENABLE_MODULES = YES;
				FRAMEWORK_SEARCH_PATHS = (
					"$(inherited)",
					"$(PROJECT_DIR)/Ecommerce",
					"$(PROJECT_DIR)",
					"$(PROJECT_DIR)/parse-library",
					"$(PROJECT_DIR)/stripe-ios/Example/Stripe",
					iOS,
					Example,
					"(Custom)",
					"/Users/ashwinkarthiksrinivasan/Downloads/parse-library-1.7.2",
				);
				LD_RUNPATH_SEARCH_PATHS = "$(inherited) @executable_path/Frameworks";
				ONLY_ACTIVE_ARCH = YES;
				OTHER_LDFLAGS = "";
				PRODUCT_NAME = "$(TARGET_NAME)";
				SWIFT_OBJC_BRIDGING_HEADER = "Ecommerce/Ecommerce-Bridging-Header.h";
				SWIFT_OPTIMIZATION_LEVEL = "-Onone";
				TARGETED_DEVICE_FAMILY = "1,2";
				VALID_ARCHS = "armv7 armv7s arm64";
			};
			name = Debug;
		};
		9C8CFE011AD82C2B00E322E7 /* Release */ = {
			isa = XCBuildConfiguration;
			buildSettings = {
				ASSETCATALOG_COMPILER_APPICON_NAME = AppIcon;
				CLANG_ENABLE_MODULES = YES;
				FRAMEWORK_SEARCH_PATHS = (
					"$(inherited)",
					"$(PROJECT_DIR)/Ecommerce",
					"$(PROJECT_DIR)",
					"$(PROJECT_DIR)/parse-library",
					"$(PROJECT_DIR)/stripe-ios/Example/Stripe",
					iOS,
					Example,
					"(Custom)",
					"/Users/ashwinkarthiksrinivasan/Downloads/parse-library-1.7.2",
				);
				LD_RUNPATH_SEARCH_PATHS = "$(inherited) @executable_path/Frameworks";
				ONLY_ACTIVE_ARCH = YES;
				OTHER_LDFLAGS = "";
				PRODUCT_NAME = "$(TARGET_NAME)";
				SWIFT_OBJC_BRIDGING_HEADER = "Ecommerce/Ecommerce-Bridging-Header.h";
				TARGETED_DEVICE_FAMILY = "1,2";
				VALID_ARCHS = "armv7 armv7s arm64";
			};
			name = Release;
		};
		9C8CFE031AD82C2B00E322E7 /* Debug */ = {
			isa = XCBuildConfiguration;
			buildSettings = {
				BUNDLE_LOADER = "$(TEST_HOST)";
				FRAMEWORK_SEARCH_PATHS = (
					"$(SDKROOT)/Developer/Library/Frameworks",
					"$(inherited)",
				);
				GCC_PREPROCESSOR_DEFINITIONS = (
					"DEBUG=1",
					"$(inherited)",
				);
				INFOPLIST_FILE = EcommerceTests/Info.plist;
				LD_RUNPATH_SEARCH_PATHS = "$(inherited) @executable_path/Frameworks @loader_path/Frameworks";
				PRODUCT_NAME = "$(TARGET_NAME)";
				TEST_HOST = "$(BUILT_PRODUCTS_DIR)/Ecommerce.app/Ecommerce";
			};
			name = Debug;
		};
		9C8CFE041AD82C2B00E322E7 /* Release */ = {
			isa = XCBuildConfiguration;
			buildSettings = {
				BUNDLE_LOADER = "$(TEST_HOST)";
				FRAMEWORK_SEARCH_PATHS = (
					"$(SDKROOT)/Developer/Library/Frameworks",
					"$(inherited)",
				);
				INFOPLIST_FILE = EcommerceTests/Info.plist;
				LD_RUNPATH_SEARCH_PATHS = "$(inherited) @executable_path/Frameworks @loader_path/Frameworks";
				PRODUCT_NAME = "$(TARGET_NAME)";
				TEST_HOST = "$(BUILT_PRODUCTS_DIR)/Ecommerce.app/Ecommerce";
			};
			name = Release;
		};
/* End XCBuildConfiguration section */

/* Begin XCConfigurationList section */
		9C8CFDD91AD82C2B00E322E7 /* Build configuration list for PBXProject "Ecommerce" */ = {
			isa = XCConfigurationList;
			buildConfigurations = (
				9C8CFDFD1AD82C2B00E322E7 /* Debug */,
				9C8CFDFE1AD82C2B00E322E7 /* Release */,
			);
			defaultConfigurationIsVisible = 0;
			defaultConfigurationName = Release;
		};
		9C8CFDFF1AD82C2B00E322E7 /* Build configuration list for PBXNativeTarget "Ecommerce" */ = {
			isa = XCConfigurationList;
			buildConfigurations = (
				9C8CFE001AD82C2B00E322E7 /* Debug */,
				9C8CFE011AD82C2B00E322E7 /* Release */,
			);
			defaultConfigurationIsVisible = 0;
			defaultConfigurationName = Release;
		};
		9C8CFE021AD82C2B00E322E7 /* Build configuration list for PBXNativeTarget "EcommerceTests" */ = {
			isa = XCConfigurationList;
			buildConfigurations = (
				9C8CFE031AD82C2B00E322E7 /* Debug */,
				9C8CFE041AD82C2B00E322E7 /* Release */,
			);
			defaultConfigurationIsVisible = 0;
			defaultConfigurationName = Release;
		};
/* End XCConfigurationList section */
	};
	rootObject = 9C8CFDD61AD82C2B00E322E7 /* Project object */;
}
