// !$*UTF8*$!
{
	archiveVersion = 1;
	classes = {
	};
	objectVersion = 46;
	objects = {

/* Begin PBXBuildFile section */
		2DB8BCFDE68BA0EF9F27BD6F /* Pods.framework in Frameworks */ = {isa = PBXBuildFile; fileRef = EB20B9377FDCCA1593C3D198 /* Pods.framework */; settings = {ATTRIBUTES = (Weak, ); }; };
		3BC1055D1AA0C47C0013871A /* AppDelegate.swift in Sources */ = {isa = PBXBuildFile; fileRef = 3BC1055C1AA0C47C0013871A /* AppDelegate.swift */; };
		3BC1055F1AA0C47C0013871A /* FirstViewController.swift in Sources */ = {isa = PBXBuildFile; fileRef = 3BC1055E1AA0C47C0013871A /* FirstViewController.swift */; };
		3BC105611AA0C47C0013871A /* SecondViewController.swift in Sources */ = {isa = PBXBuildFile; fileRef = 3BC105601AA0C47C0013871A /* SecondViewController.swift */; };
		3BC105641AA0C47C0013871A /* Main.storyboard in Resources */ = {isa = PBXBuildFile; fileRef = 3BC105621AA0C47C0013871A /* Main.storyboard */; };
		3BC105661AA0C47C0013871A /* Images.xcassets in Resources */ = {isa = PBXBuildFile; fileRef = 3BC105651AA0C47C0013871A /* Images.xcassets */; };
		3BC105691AA0C47C0013871A /* LaunchScreen.xib in Resources */ = {isa = PBXBuildFile; fileRef = 3BC105671AA0C47C0013871A /* LaunchScreen.xib */; };
		3BC105751AA0C47C0013871A /* Mobile_StoreTests.swift in Sources */ = {isa = PBXBuildFile; fileRef = 3BC105741AA0C47C0013871A /* Mobile_StoreTests.swift */; };
		9C0616C01AA9E7A8006A3066 /* View.xib in Resources */ = {isa = PBXBuildFile; fileRef = 9C0616BF1AA9E7A8006A3066 /* View.xib */; };
		9C0616C21AA9E832006A3066 /* File.swift in Sources */ = {isa = PBXBuildFile; fileRef = 9C0616C11AA9E832006A3066 /* File.swift */; };
		9C0616EC1AA9E951006A3066 /* TableViewController.swift in Sources */ = {isa = PBXBuildFile; fileRef = 9C0616EB1AA9E951006A3066 /* TableViewController.swift */; };
		9C0616EE1AA9FD2E006A3066 /* CategoryViewController.swift in Sources */ = {isa = PBXBuildFile; fileRef = 9C0616ED1AA9FD2E006A3066 /* CategoryViewController.swift */; };
		9C0616F01AA9FF91006A3066 /* CategoryViewCell.swift in Sources */ = {isa = PBXBuildFile; fileRef = 9C0616EF1AA9FF91006A3066 /* CategoryViewCell.swift */; };
		9C0616F21AAA0C68006A3066 /* Apple_Swift_Logo.png in Resources */ = {isa = PBXBuildFile; fileRef = 9C0616F11AAA0C68006A3066 /* Apple_Swift_Logo.png */; };
		9C1B89341AC4E997005B7E9C /* CategoryCollectionView.xib in Resources */ = {isa = PBXBuildFile; fileRef = 9C1B89331AC4E997005B7E9C /* CategoryCollectionView.xib */; };
		9C1B89361AC4EA26005B7E9C /* CategoryCollectionView.swift in Sources */ = {isa = PBXBuildFile; fileRef = 9C1B89351AC4EA26005B7E9C /* CategoryCollectionView.swift */; };
		9C1B89401AC50706005B7E9C /* DummyViewController.swift in Sources */ = {isa = PBXBuildFile; fileRef = 9C1B893F1AC50706005B7E9C /* DummyViewController.swift */; };
		9C1B894E1AC580F5005B7E9C /* CategoryPrototypeCell.xib in Resources */ = {isa = PBXBuildFile; fileRef = 9C1B894D1AC580F5005B7E9C /* CategoryPrototypeCell.xib */; };
		9C1B89501AC5815C005B7E9C /* CategoryPrototypeCell.swift in Sources */ = {isa = PBXBuildFile; fileRef = 9C1B894F1AC5815C005B7E9C /* CategoryPrototypeCell.swift */; };
		9C2DDD981AC5AB700060D802 /* Regex.swift in Sources */ = {isa = PBXBuildFile; fileRef = 9C2DDD971AC5AB700060D802 /* Regex.swift */; };
		9C4CB9431AB4B28A007A19E6 /* CoreData.framework in Frameworks */ = {isa = PBXBuildFile; fileRef = 9C4CB9421AB4B28A007A19E6 /* CoreData.framework */; };
		9C4CB9451AB4B298007A19E6 /* libdbm.dylib in Frameworks */ = {isa = PBXBuildFile; fileRef = 9C4CB9441AB4B298007A19E6 /* libdbm.dylib */; };
		9C4CB9491AB4B365007A19E6 /* SystemConfiguration.framework in Frameworks */ = {isa = PBXBuildFile; fileRef = 9C4CB9481AB4B365007A19E6 /* SystemConfiguration.framework */; };
		9C4CB94B1AB4B387007A19E6 /* libz.dylib in Frameworks */ = {isa = PBXBuildFile; fileRef = 9C4CB94A1AB4B387007A19E6 /* libz.dylib */; };
		9C4CB94C1AB4B413007A19E6 /* AudioToolbox.framework in Frameworks */ = {isa = PBXBuildFile; fileRef = 9C4CB9461AB4B342007A19E6 /* AudioToolbox.framework */; };
		9C4CB94E1AB4B422007A19E6 /* CFNetwork.framework in Frameworks */ = {isa = PBXBuildFile; fileRef = 9C4CB94D1AB4B422007A19E6 /* CFNetwork.framework */; };
		9C4CB9501AB4B430007A19E6 /* CoreLocation.framework in Frameworks */ = {isa = PBXBuildFile; fileRef = 9C4CB94F1AB4B430007A19E6 /* CoreLocation.framework */; };
		9C4CB9521AB4B442007A19E6 /* MobileCoreServices.framework in Frameworks */ = {isa = PBXBuildFile; fileRef = 9C4CB9511AB4B442007A19E6 /* MobileCoreServices.framework */; };
		9C4CB9541AB4B46E007A19E6 /* QuartzCore.framework in Frameworks */ = {isa = PBXBuildFile; fileRef = 9C4CB9531AB4B46E007A19E6 /* QuartzCore.framework */; };
		9C4CB9561AB4B499007A19E6 /* Security.framework in Frameworks */ = {isa = PBXBuildFile; fileRef = 9C4CB9551AB4B499007A19E6 /* Security.framework */; };
		9C4CB9581AB4B4A9007A19E6 /* StoreKit.framework in Frameworks */ = {isa = PBXBuildFile; fileRef = 9C4CB9571AB4B4A9007A19E6 /* StoreKit.framework */; };
		9C4CB95A1AB4B7C1007A19E6 /* libsqlite3.dylib in Frameworks */ = {isa = PBXBuildFile; fileRef = 9C4CB9591AB4B7C1007A19E6 /* libsqlite3.dylib */; };
		9C6D56601ACE3A87004C308B /* ProductDetailView.xib in Resources */ = {isa = PBXBuildFile; fileRef = 9C6D565F1ACE3A87004C308B /* ProductDetailView.xib */; };
		9C6D56621ACE3AA9004C308B /* ProductDetailViewController.swift in Sources */ = {isa = PBXBuildFile; fileRef = 9C6D56611ACE3AA9004C308B /* ProductDetailViewController.swift */; };
		9C92A7F21ACEE7FA005FF845 /* ProductDetail.xib in Resources */ = {isa = PBXBuildFile; fileRef = 9C92A7F11ACEE7FA005FF845 /* ProductDetail.xib */; };
		9CED65281AD8159D00CA1CAA /* Login.xib in Resources */ = {isa = PBXBuildFile; fileRef = 9CED65271AD8159D00CA1CAA /* Login.xib */; };
/* End PBXBuildFile section */

/* Begin PBXContainerItemProxy section */
		3BC1056F1AA0C47C0013871A /* PBXContainerItemProxy */ = {
			isa = PBXContainerItemProxy;
			containerPortal = 3BC1054F1AA0C47C0013871A /* Project object */;
			proxyType = 1;
			remoteGlobalIDString = 3BC105561AA0C47C0013871A;
			remoteInfo = "Mobile Store";
		};
		9C0616DE1AA9E88B006A3066 /* PBXContainerItemProxy */ = {
			isa = PBXContainerItemProxy;
			containerPortal = 3BC1054F1AA0C47C0013871A /* Project object */;
			proxyType = 1;
			remoteGlobalIDString = 9C0616C61AA9E88B006A3066;
			remoteInfo = zzz;
		};
/* End PBXContainerItemProxy section */

/* Begin PBXFileReference section */
		2E1D47B4F22BEDFFB1424917 /* Pods.release.xcconfig */ = {isa = PBXFileReference; includeInIndex = 1; lastKnownFileType = text.xcconfig; name = Pods.release.xcconfig; path = "Pods/Target Support Files/Pods/Pods.release.xcconfig"; sourceTree = "<group>"; };
		3BC1055B1AA0C47C0013871A /* Info.plist */ = {isa = PBXFileReference; lastKnownFileType = text.plist.xml; path = Info.plist; sourceTree = "<group>"; };
		3BC1055C1AA0C47C0013871A /* AppDelegate.swift */ = {isa = PBXFileReference; lastKnownFileType = sourcecode.swift; path = AppDelegate.swift; sourceTree = "<group>"; };
		3BC1055E1AA0C47C0013871A /* FirstViewController.swift */ = {isa = PBXFileReference; lastKnownFileType = sourcecode.swift; path = FirstViewController.swift; sourceTree = "<group>"; };
		3BC105601AA0C47C0013871A /* SecondViewController.swift */ = {isa = PBXFileReference; lastKnownFileType = sourcecode.swift; path = SecondViewController.swift; sourceTree = "<group>"; };
		3BC105631AA0C47C0013871A /* Base */ = {isa = PBXFileReference; lastKnownFileType = file.storyboard; name = Base; path = Base.lproj/Main.storyboard; sourceTree = "<group>"; };
		3BC105651AA0C47C0013871A /* Images.xcassets */ = {isa = PBXFileReference; lastKnownFileType = folder.assetcatalog; path = Images.xcassets; sourceTree = "<group>"; };
		3BC105681AA0C47C0013871A /* Base */ = {isa = PBXFileReference; lastKnownFileType = file.xib; name = Base; path = Base.lproj/LaunchScreen.xib; sourceTree = "<group>"; };
		3BC105731AA0C47C0013871A /* Info.plist */ = {isa = PBXFileReference; lastKnownFileType = text.plist.xml; path = Info.plist; sourceTree = "<group>"; };
		3BC105741AA0C47C0013871A /* Mobile_StoreTests.swift */ = {isa = PBXFileReference; lastKnownFileType = sourcecode.swift; path = Mobile_StoreTests.swift; sourceTree = "<group>"; };
		9C0616BF1AA9E7A8006A3066 /* View.xib */ = {isa = PBXFileReference; fileEncoding = 4; lastKnownFileType = file.xib; path = View.xib; sourceTree = "<group>"; };
		9C0616C11AA9E832006A3066 /* File.swift */ = {isa = PBXFileReference; fileEncoding = 4; lastKnownFileType = sourcecode.swift; path = File.swift; sourceTree = "<group>"; };
		9C0616EB1AA9E951006A3066 /* TableViewController.swift */ = {isa = PBXFileReference; fileEncoding = 4; lastKnownFileType = sourcecode.swift; path = TableViewController.swift; sourceTree = "<group>"; };
		9C0616ED1AA9FD2E006A3066 /* CategoryViewController.swift */ = {isa = PBXFileReference; fileEncoding = 4; lastKnownFileType = sourcecode.swift; path = CategoryViewController.swift; sourceTree = "<group>"; };
		9C0616EF1AA9FF91006A3066 /* CategoryViewCell.swift */ = {isa = PBXFileReference; fileEncoding = 4; lastKnownFileType = sourcecode.swift; path = CategoryViewCell.swift; sourceTree = "<group>"; };
		9C0616F11AAA0C68006A3066 /* Apple_Swift_Logo.png */ = {isa = PBXFileReference; lastKnownFileType = image.png; path = Apple_Swift_Logo.png; sourceTree = "<group>"; };
		9C1B89331AC4E997005B7E9C /* CategoryCollectionView.xib */ = {isa = PBXFileReference; fileEncoding = 4; lastKnownFileType = file.xib; path = CategoryCollectionView.xib; sourceTree = "<group>"; };
		9C1B89351AC4EA26005B7E9C /* CategoryCollectionView.swift */ = {isa = PBXFileReference; fileEncoding = 4; lastKnownFileType = sourcecode.swift; path = CategoryCollectionView.swift; sourceTree = "<group>"; };
		9C1B893F1AC50706005B7E9C /* DummyViewController.swift */ = {isa = PBXFileReference; fileEncoding = 4; lastKnownFileType = sourcecode.swift; path = DummyViewController.swift; sourceTree = "<group>"; };
		9C1B894D1AC580F5005B7E9C /* CategoryPrototypeCell.xib */ = {isa = PBXFileReference; fileEncoding = 4; lastKnownFileType = file.xib; path = CategoryPrototypeCell.xib; sourceTree = "<group>"; };
		9C1B894F1AC5815C005B7E9C /* CategoryPrototypeCell.swift */ = {isa = PBXFileReference; fileEncoding = 4; lastKnownFileType = sourcecode.swift; path = CategoryPrototypeCell.swift; sourceTree = "<group>"; };
		9C2DDD971AC5AB700060D802 /* Regex.swift */ = {isa = PBXFileReference; fileEncoding = 4; lastKnownFileType = sourcecode.swift; path = Regex.swift; sourceTree = "<group>"; };
		9C4CB93A1AB19F20007A19E6 /* Mobile Store.app */ = {isa = PBXFileReference; explicitFileType = wrapper.application; includeInIndex = 0; path = "Mobile Store.app"; sourceTree = BUILT_PRODUCTS_DIR; };
		9C4CB93B1AB19F20007A19E6 /* Mobile StoreTests.xctest */ = {isa = PBXFileReference; explicitFileType = wrapper.cfbundle; includeInIndex = 0; path = "Mobile StoreTests.xctest"; sourceTree = BUILT_PRODUCTS_DIR; };
		9C4CB9421AB4B28A007A19E6 /* CoreData.framework */ = {isa = PBXFileReference; lastKnownFileType = wrapper.framework; name = CoreData.framework; path = System/Library/Frameworks/CoreData.framework; sourceTree = SDKROOT; };
		9C4CB9441AB4B298007A19E6 /* libdbm.dylib */ = {isa = PBXFileReference; lastKnownFileType = "compiled.mach-o.dylib"; name = libdbm.dylib; path = usr/lib/libdbm.dylib; sourceTree = SDKROOT; };
		9C4CB9461AB4B342007A19E6 /* AudioToolbox.framework */ = {isa = PBXFileReference; lastKnownFileType = wrapper.framework; name = AudioToolbox.framework; path = System/Library/Frameworks/AudioToolbox.framework; sourceTree = SDKROOT; };
		9C4CB9481AB4B365007A19E6 /* SystemConfiguration.framework */ = {isa = PBXFileReference; lastKnownFileType = wrapper.framework; name = SystemConfiguration.framework; path = System/Library/Frameworks/SystemConfiguration.framework; sourceTree = SDKROOT; };
		9C4CB94A1AB4B387007A19E6 /* libz.dylib */ = {isa = PBXFileReference; lastKnownFileType = "compiled.mach-o.dylib"; name = libz.dylib; path = usr/lib/libz.dylib; sourceTree = SDKROOT; };
		9C4CB94D1AB4B422007A19E6 /* CFNetwork.framework */ = {isa = PBXFileReference; lastKnownFileType = wrapper.framework; name = CFNetwork.framework; path = System/Library/Frameworks/CFNetwork.framework; sourceTree = SDKROOT; };
		9C4CB94F1AB4B430007A19E6 /* CoreLocation.framework */ = {isa = PBXFileReference; lastKnownFileType = wrapper.framework; name = CoreLocation.framework; path = System/Library/Frameworks/CoreLocation.framework; sourceTree = SDKROOT; };
		9C4CB9511AB4B442007A19E6 /* MobileCoreServices.framework */ = {isa = PBXFileReference; lastKnownFileType = wrapper.framework; name = MobileCoreServices.framework; path = System/Library/Frameworks/MobileCoreServices.framework; sourceTree = SDKROOT; };
		9C4CB9531AB4B46E007A19E6 /* QuartzCore.framework */ = {isa = PBXFileReference; lastKnownFileType = wrapper.framework; name = QuartzCore.framework; path = System/Library/Frameworks/QuartzCore.framework; sourceTree = SDKROOT; };
		9C4CB9551AB4B499007A19E6 /* Security.framework */ = {isa = PBXFileReference; lastKnownFileType = wrapper.framework; name = Security.framework; path = System/Library/Frameworks/Security.framework; sourceTree = SDKROOT; };
		9C4CB9571AB4B4A9007A19E6 /* StoreKit.framework */ = {isa = PBXFileReference; lastKnownFileType = wrapper.framework; name = StoreKit.framework; path = System/Library/Frameworks/StoreKit.framework; sourceTree = SDKROOT; };
		9C4CB9591AB4B7C1007A19E6 /* libsqlite3.dylib */ = {isa = PBXFileReference; lastKnownFileType = "compiled.mach-o.dylib"; name = libsqlite3.dylib; path = usr/lib/libsqlite3.dylib; sourceTree = SDKROOT; };
		9C6D565F1ACE3A87004C308B /* ProductDetailView.xib */ = {isa = PBXFileReference; fileEncoding = 4; lastKnownFileType = file.xib; path = ProductDetailView.xib; sourceTree = "<group>"; };
		9C6D56611ACE3AA9004C308B /* ProductDetailViewController.swift */ = {isa = PBXFileReference; fileEncoding = 4; lastKnownFileType = sourcecode.swift; path = ProductDetailViewController.swift; sourceTree = "<group>"; };
		9C92A7F11ACEE7FA005FF845 /* ProductDetail.xib */ = {isa = PBXFileReference; fileEncoding = 4; lastKnownFileType = file.xib; path = ProductDetail.xib; sourceTree = "<group>"; };
		9C9A7C2E1AC5B582009100AB /* zzz.app */ = {isa = PBXFileReference; explicitFileType = wrapper.application; includeInIndex = 0; path = zzz.app; sourceTree = BUILT_PRODUCTS_DIR; };
		9C9A7C2F1AC5B582009100AB /* zzzTests.xctest */ = {isa = PBXFileReference; explicitFileType = wrapper.cfbundle; includeInIndex = 0; path = zzzTests.xctest; sourceTree = BUILT_PRODUCTS_DIR; };
		9CED65271AD8159D00CA1CAA /* Login.xib */ = {isa = PBXFileReference; fileEncoding = 4; lastKnownFileType = file.xib; path = Login.xib; sourceTree = "<group>"; };
		D77FA33E90C8D61B5856C7AC /* Pods.debug.xcconfig */ = {isa = PBXFileReference; includeInIndex = 1; lastKnownFileType = text.xcconfig; name = Pods.debug.xcconfig; path = "Pods/Target Support Files/Pods/Pods.debug.xcconfig"; sourceTree = "<group>"; };
		EB20B9377FDCCA1593C3D198 /* Pods.framework */ = {isa = PBXFileReference; explicitFileType = wrapper.framework; includeInIndex = 0; path = Pods.framework; sourceTree = BUILT_PRODUCTS_DIR; };
/* End PBXFileReference section */

/* Begin PBXFrameworksBuildPhase section */
		3BC105541AA0C47C0013871A /* Frameworks */ = {
			isa = PBXFrameworksBuildPhase;
			buildActionMask = 2147483647;
			files = (
				9C4CB95A1AB4B7C1007A19E6 /* libsqlite3.dylib in Frameworks */,
				9C4CB94B1AB4B387007A19E6 /* libz.dylib in Frameworks */,
				9C4CB9581AB4B4A9007A19E6 /* StoreKit.framework in Frameworks */,
				9C4CB9561AB4B499007A19E6 /* Security.framework in Frameworks */,
				9C4CB9541AB4B46E007A19E6 /* QuartzCore.framework in Frameworks */,
				9C4CB9521AB4B442007A19E6 /* MobileCoreServices.framework in Frameworks */,
				9C4CB9501AB4B430007A19E6 /* CoreLocation.framework in Frameworks */,
				9C4CB94E1AB4B422007A19E6 /* CFNetwork.framework in Frameworks */,
				9C4CB94C1AB4B413007A19E6 /* AudioToolbox.framework in Frameworks */,
				9C4CB9491AB4B365007A19E6 /* SystemConfiguration.framework in Frameworks */,
				9C4CB9451AB4B298007A19E6 /* libdbm.dylib in Frameworks */,
				9C4CB9431AB4B28A007A19E6 /* CoreData.framework in Frameworks */,
				2DB8BCFDE68BA0EF9F27BD6F /* Pods.framework in Frameworks */,
			);
			runOnlyForDeploymentPostprocessing = 0;
		};
		3BC1056B1AA0C47C0013871A /* Frameworks */ = {
			isa = PBXFrameworksBuildPhase;
			buildActionMask = 2147483647;
			files = (
			);
			runOnlyForDeploymentPostprocessing = 0;
		};
		9C0616C41AA9E88B006A3066 /* Frameworks */ = {
			isa = PBXFrameworksBuildPhase;
			buildActionMask = 2147483647;
			files = (
			);
			runOnlyForDeploymentPostprocessing = 0;
		};
		9C0616DA1AA9E88B006A3066 /* Frameworks */ = {
			isa = PBXFrameworksBuildPhase;
			buildActionMask = 2147483647;
			files = (
			);
			runOnlyForDeploymentPostprocessing = 0;
		};
/* End PBXFrameworksBuildPhase section */

/* Begin PBXGroup section */
		3342675315EE32A9DD6A5842 /* Frameworks */ = {
			isa = PBXGroup;
			children = (
				EB20B9377FDCCA1593C3D198 /* Pods.framework */,
			);
			name = Frameworks;
			sourceTree = "<group>";
		};
		3BC1054E1AA0C47C0013871A = {
			isa = PBXGroup;
			children = (
				9C4CB9591AB4B7C1007A19E6 /* libsqlite3.dylib */,
				9C4CB9571AB4B4A9007A19E6 /* StoreKit.framework */,
				9C4CB9551AB4B499007A19E6 /* Security.framework */,
				9C4CB9531AB4B46E007A19E6 /* QuartzCore.framework */,
				9C4CB9511AB4B442007A19E6 /* MobileCoreServices.framework */,
				9C4CB94F1AB4B430007A19E6 /* CoreLocation.framework */,
				9C4CB94D1AB4B422007A19E6 /* CFNetwork.framework */,
				9C4CB94A1AB4B387007A19E6 /* libz.dylib */,
				9C4CB9481AB4B365007A19E6 /* SystemConfiguration.framework */,
				9C4CB9461AB4B342007A19E6 /* AudioToolbox.framework */,
				9C4CB9441AB4B298007A19E6 /* libdbm.dylib */,
				9C4CB9421AB4B28A007A19E6 /* CoreData.framework */,
				3BC105591AA0C47C0013871A /* Mobile Store */,
				3BC105711AA0C47C0013871A /* Mobile StoreTests */,
				9C4CB93A1AB19F20007A19E6 /* Mobile Store.app */,
				9C4CB93B1AB19F20007A19E6 /* Mobile StoreTests.xctest */,
				5307DDFD9AB01F4F71AEE4AB /* Pods */,
				3342675315EE32A9DD6A5842 /* Frameworks */,
				9C9A7C2E1AC5B582009100AB /* zzz.app */,
				9C9A7C2F1AC5B582009100AB /* zzzTests.xctest */,
			);
			sourceTree = "<group>";
		};
		3BC105591AA0C47C0013871A /* Mobile Store */ = {
			isa = PBXGroup;
			children = (
				9C0616F11AAA0C68006A3066 /* Apple_Swift_Logo.png */,
				3BC1055C1AA0C47C0013871A /* AppDelegate.swift */,
				9C2DDD971AC5AB700060D802 /* Regex.swift */,
				9C0616BF1AA9E7A8006A3066 /* View.xib */,
				3BC1055E1AA0C47C0013871A /* FirstViewController.swift */,
				9C0616ED1AA9FD2E006A3066 /* CategoryViewController.swift */,
				9C6D56611ACE3AA9004C308B /* ProductDetailViewController.swift */,
				9CED65271AD8159D00CA1CAA /* Login.xib */,
				9C6D565F1ACE3A87004C308B /* ProductDetailView.xib */,
				9C92A7F11ACEE7FA005FF845 /* ProductDetail.xib */,
				9C1B893F1AC50706005B7E9C /* DummyViewController.swift */,
				9C0616EF1AA9FF91006A3066 /* CategoryViewCell.swift */,
				9C1B89331AC4E997005B7E9C /* CategoryCollectionView.xib */,
				9C1B89351AC4EA26005B7E9C /* CategoryCollectionView.swift */,
				9C1B894D1AC580F5005B7E9C /* CategoryPrototypeCell.xib */,
				9C1B894F1AC5815C005B7E9C /* CategoryPrototypeCell.swift */,
				3BC105601AA0C47C0013871A /* SecondViewController.swift */,
				9C0616EB1AA9E951006A3066 /* TableViewController.swift */,
				9C0616C11AA9E832006A3066 /* File.swift */,
				3BC105621AA0C47C0013871A /* Main.storyboard */,
				3BC105651AA0C47C0013871A /* Images.xcassets */,
				3BC105671AA0C47C0013871A /* LaunchScreen.xib */,
				3BC1055A1AA0C47C0013871A /* Supporting Files */,
			);
			path = "Mobile Store";
			sourceTree = "<group>";
		};
		3BC1055A1AA0C47C0013871A /* Supporting Files */ = {
			isa = PBXGroup;
			children = (
				3BC1055B1AA0C47C0013871A /* Info.plist */,
			);
			name = "Supporting Files";
			sourceTree = "<group>";
		};
		3BC105711AA0C47C0013871A /* Mobile StoreTests */ = {
			isa = PBXGroup;
			children = (
				3BC105741AA0C47C0013871A /* Mobile_StoreTests.swift */,
				3BC105721AA0C47C0013871A /* Supporting Files */,
			);
			path = "Mobile StoreTests";
			sourceTree = "<group>";
		};
		3BC105721AA0C47C0013871A /* Supporting Files */ = {
			isa = PBXGroup;
			children = (
				3BC105731AA0C47C0013871A /* Info.plist */,
			);
			name = "Supporting Files";
			sourceTree = "<group>";
		};
		5307DDFD9AB01F4F71AEE4AB /* Pods */ = {
			isa = PBXGroup;
			children = (
				D77FA33E90C8D61B5856C7AC /* Pods.debug.xcconfig */,
				2E1D47B4F22BEDFFB1424917 /* Pods.release.xcconfig */,
			);
			name = Pods;
			sourceTree = "<group>";
		};
/* End PBXGroup section */

/* Begin PBXNativeTarget section */
		3BC105561AA0C47C0013871A /* Mobile Store */ = {
			isa = PBXNativeTarget;
			buildConfigurationList = 3BC105781AA0C47C0013871A /* Build configuration list for PBXNativeTarget "Mobile Store" */;
			buildPhases = (
				5E3C1B4E1DB3CF2565727B22 /* Check Pods Manifest.lock */,
				3BC105531AA0C47C0013871A /* Sources */,
				3BC105541AA0C47C0013871A /* Frameworks */,
				3BC105551AA0C47C0013871A /* Resources */,
				34F2D798C4EF810B69722B06 /* Embed Pods Frameworks */,
				C26B30BCD9D01270D463886B /* Copy Pods Resources */,
			);
			buildRules = (
			);
			dependencies = (
			);
			name = "Mobile Store";
			productName = "Mobile Store";
			productReference = 9C4CB93A1AB19F20007A19E6 /* Mobile Store.app */;
			productType = "com.apple.product-type.application";
		};
		3BC1056D1AA0C47C0013871A /* Mobile StoreTests */ = {
			isa = PBXNativeTarget;
			buildConfigurationList = 3BC1057B1AA0C47C0013871A /* Build configuration list for PBXNativeTarget "Mobile StoreTests" */;
			buildPhases = (
				3BC1056A1AA0C47C0013871A /* Sources */,
				3BC1056B1AA0C47C0013871A /* Frameworks */,
				3BC1056C1AA0C47C0013871A /* Resources */,
			);
			buildRules = (
			);
			dependencies = (
				3BC105701AA0C47C0013871A /* PBXTargetDependency */,
			);
			name = "Mobile StoreTests";
			productName = "Mobile StoreTests";
			productReference = 9C4CB93B1AB19F20007A19E6 /* Mobile StoreTests.xctest */;
			productType = "com.apple.product-type.bundle.unit-test";
		};
		9C0616C61AA9E88B006A3066 /* zzz */ = {
			isa = PBXNativeTarget;
			buildConfigurationList = 9C0616E51AA9E88B006A3066 /* Build configuration list for PBXNativeTarget "zzz" */;
			buildPhases = (
				9C0616C31AA9E88B006A3066 /* Sources */,
				9C0616C41AA9E88B006A3066 /* Frameworks */,
				9C0616C51AA9E88B006A3066 /* Resources */,
			);
			buildRules = (
			);
			dependencies = (
			);
			name = zzz;
			productName = zzz;
			productReference = 9C9A7C2E1AC5B582009100AB /* zzz.app */;
			productType = "com.apple.product-type.application";
		};
		9C0616DC1AA9E88B006A3066 /* zzzTests */ = {
			isa = PBXNativeTarget;
			buildConfigurationList = 9C0616E81AA9E88B006A3066 /* Build configuration list for PBXNativeTarget "zzzTests" */;
			buildPhases = (
				9C0616D91AA9E88B006A3066 /* Sources */,
				9C0616DA1AA9E88B006A3066 /* Frameworks */,
				9C0616DB1AA9E88B006A3066 /* Resources */,
			);
			buildRules = (
			);
			dependencies = (
				9C0616DF1AA9E88B006A3066 /* PBXTargetDependency */,
			);
			name = zzzTests;
			productName = zzzTests;
			productReference = 9C9A7C2F1AC5B582009100AB /* zzzTests.xctest */;
			productType = "com.apple.product-type.bundle.unit-test";
		};
/* End PBXNativeTarget section */

/* Begin PBXProject section */
		3BC1054F1AA0C47C0013871A /* Project object */ = {
			isa = PBXProject;
			attributes = {
				LastUpgradeCheck = 0610;
				ORGANIZATIONNAME = "Yun Zhang";
				TargetAttributes = {
					3BC105561AA0C47C0013871A = {
						CreatedOnToolsVersion = 6.1.1;
					};
					3BC1056D1AA0C47C0013871A = {
						CreatedOnToolsVersion = 6.1.1;
						TestTargetID = 3BC105561AA0C47C0013871A;
					};
					9C0616C61AA9E88B006A3066 = {
						CreatedOnToolsVersion = 6.1.1;
					};
					9C0616DC1AA9E88B006A3066 = {
						CreatedOnToolsVersion = 6.1.1;
						TestTargetID = 9C0616C61AA9E88B006A3066;
					};
				};
			};
			buildConfigurationList = 3BC105521AA0C47C0013871A /* Build configuration list for PBXProject "Mobile Store" */;
			compatibilityVersion = "Xcode 3.2";
			developmentRegion = English;
			hasScannedForEncodings = 0;
			knownRegions = (
				en,
				Base,
			);
			mainGroup = 3BC1054E1AA0C47C0013871A;
			productRefGroup = 3BC1054E1AA0C47C0013871A;
			projectDirPath = "";
			projectRoot = "";
			targets = (
				3BC105561AA0C47C0013871A /* Mobile Store */,
				3BC1056D1AA0C47C0013871A /* Mobile StoreTests */,
				9C0616C61AA9E88B006A3066 /* zzz */,
				9C0616DC1AA9E88B006A3066 /* zzzTests */,
			);
		};
/* End PBXProject section */

/* Begin PBXResourcesBuildPhase section */
		3BC105551AA0C47C0013871A /* Resources */ = {
			isa = PBXResourcesBuildPhase;
			buildActionMask = 2147483647;
			files = (
				9C0616C01AA9E7A8006A3066 /* View.xib in Resources */,
				3BC105641AA0C47C0013871A /* Main.storyboard in Resources */,
				9C92A7F21ACEE7FA005FF845 /* ProductDetail.xib in Resources */,
				9C1B89341AC4E997005B7E9C /* CategoryCollectionView.xib in Resources */,
				9C1B894E1AC580F5005B7E9C /* CategoryPrototypeCell.xib in Resources */,
				9C0616F21AAA0C68006A3066 /* Apple_Swift_Logo.png in Resources */,
				9C6D56601ACE3A87004C308B /* ProductDetailView.xib in Resources */,
				3BC105691AA0C47C0013871A /* LaunchScreen.xib in Resources */,
				3BC105661AA0C47C0013871A /* Images.xcassets in Resources */,
				9CED65281AD8159D00CA1CAA /* Login.xib in Resources */,
			);
			runOnlyForDeploymentPostprocessing = 0;
		};
		3BC1056C1AA0C47C0013871A /* Resources */ = {
			isa = PBXResourcesBuildPhase;
			buildActionMask = 2147483647;
			files = (
			);
			runOnlyForDeploymentPostprocessing = 0;
		};
		9C0616C51AA9E88B006A3066 /* Resources */ = {
			isa = PBXResourcesBuildPhase;
			buildActionMask = 2147483647;
			files = (
			);
			runOnlyForDeploymentPostprocessing = 0;
		};
		9C0616DB1AA9E88B006A3066 /* Resources */ = {
			isa = PBXResourcesBuildPhase;
			buildActionMask = 2147483647;
			files = (
			);
			runOnlyForDeploymentPostprocessing = 0;
		};
/* End PBXResourcesBuildPhase section */

/* Begin PBXShellScriptBuildPhase section */
		34F2D798C4EF810B69722B06 /* Embed Pods Frameworks */ = {
			isa = PBXShellScriptBuildPhase;
			buildActionMask = 2147483647;
			files = (
			);
			inputPaths = (
			);
			name = "Embed Pods Frameworks";
			outputPaths = (
			);
			runOnlyForDeploymentPostprocessing = 0;
			shellPath = /bin/sh;
			shellScript = "\"${SRCROOT}/Pods/Target Support Files/Pods/Pods-frameworks.sh\"\n";
			showEnvVarsInLog = 0;
		};
		5E3C1B4E1DB3CF2565727B22 /* Check Pods Manifest.lock */ = {
			isa = PBXShellScriptBuildPhase;
			buildActionMask = 2147483647;
			files = (
			);
			inputPaths = (
			);
			name = "Check Pods Manifest.lock";
			outputPaths = (
			);
			runOnlyForDeploymentPostprocessing = 0;
			shellPath = /bin/sh;
			shellScript = "diff \"${PODS_ROOT}/../Podfile.lock\" \"${PODS_ROOT}/Manifest.lock\" > /dev/null\nif [[ $? != 0 ]] ; then\n    cat << EOM\nerror: The sandbox is not in sync with the Podfile.lock. Run 'pod install' or update your CocoaPods installation.\nEOM\n    exit 1\nfi\n";
			showEnvVarsInLog = 0;
		};
		C26B30BCD9D01270D463886B /* Copy Pods Resources */ = {
			isa = PBXShellScriptBuildPhase;
			buildActionMask = 2147483647;
			files = (
			);
			inputPaths = (
			);
			name = "Copy Pods Resources";
			outputPaths = (
			);
			runOnlyForDeploymentPostprocessing = 0;
			shellPath = /bin/sh;
			shellScript = "\"${SRCROOT}/Pods/Target Support Files/Pods/Pods-resources.sh\"\n";
			showEnvVarsInLog = 0;
		};
/* End PBXShellScriptBuildPhase section */

/* Begin PBXSourcesBuildPhase section */
		3BC105531AA0C47C0013871A /* Sources */ = {
			isa = PBXSourcesBuildPhase;
			buildActionMask = 2147483647;
			files = (
				9C1B89501AC5815C005B7E9C /* CategoryPrototypeCell.swift in Sources */,
				3BC105611AA0C47C0013871A /* SecondViewController.swift in Sources */,
				9C0616C21AA9E832006A3066 /* File.swift in Sources */,
				3BC1055D1AA0C47C0013871A /* AppDelegate.swift in Sources */,
				9C1B89401AC50706005B7E9C /* DummyViewController.swift in Sources */,
				9C6D56621ACE3AA9004C308B /* ProductDetailViewController.swift in Sources */,
				9C0616EC1AA9E951006A3066 /* TableViewController.swift in Sources */,
				9C1B89361AC4EA26005B7E9C /* CategoryCollectionView.swift in Sources */,
				9C0616EE1AA9FD2E006A3066 /* CategoryViewController.swift in Sources */,
				3BC1055F1AA0C47C0013871A /* FirstViewController.swift in Sources */,
				9C0616F01AA9FF91006A3066 /* CategoryViewCell.swift in Sources */,
				9C2DDD981AC5AB700060D802 /* Regex.swift in Sources */,
			);
			runOnlyForDeploymentPostprocessing = 0;
		};
		3BC1056A1AA0C47C0013871A /* Sources */ = {
			isa = PBXSourcesBuildPhase;
			buildActionMask = 2147483647;
			files = (
				3BC105751AA0C47C0013871A /* Mobile_StoreTests.swift in Sources */,
			);
			runOnlyForDeploymentPostprocessing = 0;
		};
		9C0616C31AA9E88B006A3066 /* Sources */ = {
			isa = PBXSourcesBuildPhase;
			buildActionMask = 2147483647;
			files = (
			);
			runOnlyForDeploymentPostprocessing = 0;
		};
		9C0616D91AA9E88B006A3066 /* Sources */ = {
			isa = PBXSourcesBuildPhase;
			buildActionMask = 2147483647;
			files = (
			);
			runOnlyForDeploymentPostprocessing = 0;
		};
/* End PBXSourcesBuildPhase section */

/* Begin PBXTargetDependency section */
		3BC105701AA0C47C0013871A /* PBXTargetDependency */ = {
			isa = PBXTargetDependency;
			target = 3BC105561AA0C47C0013871A /* Mobile Store */;
			targetProxy = 3BC1056F1AA0C47C0013871A /* PBXContainerItemProxy */;
		};
		9C0616DF1AA9E88B006A3066 /* PBXTargetDependency */ = {
			isa = PBXTargetDependency;
			target = 9C0616C61AA9E88B006A3066 /* zzz */;
			targetProxy = 9C0616DE1AA9E88B006A3066 /* PBXContainerItemProxy */;
		};
/* End PBXTargetDependency section */

/* Begin PBXVariantGroup section */
		3BC105621AA0C47C0013871A /* Main.storyboard */ = {
			isa = PBXVariantGroup;
			children = (
				3BC105631AA0C47C0013871A /* Base */,
			);
			name = Main.storyboard;
			sourceTree = "<group>";
		};
		3BC105671AA0C47C0013871A /* LaunchScreen.xib */ = {
			isa = PBXVariantGroup;
			children = (
				3BC105681AA0C47C0013871A /* Base */,
			);
			name = LaunchScreen.xib;
			sourceTree = "<group>";
		};
/* End PBXVariantGroup section */

/* Begin XCBuildConfiguration section */
		3BC105761AA0C47C0013871A /* Debug */ = {
			isa = XCBuildConfiguration;
			buildSettings = {
				ALWAYS_SEARCH_USER_PATHS = NO;
				CLANG_CXX_LANGUAGE_STANDARD = "gnu++0x";
				CLANG_CXX_LIBRARY = "libc++";
				CLANG_ENABLE_MODULES = YES;
				CLANG_ENABLE_OBJC_ARC = YES;
				CLANG_WARN_BOOL_CONVERSION = YES;
				CLANG_WARN_CONSTANT_CONVERSION = YES;
				CLANG_WARN_DIRECT_OBJC_ISA_USAGE = YES_ERROR;
				CLANG_WARN_EMPTY_BODY = YES;
				CLANG_WARN_ENUM_CONVERSION = YES;
				CLANG_WARN_INT_CONVERSION = YES;
				CLANG_WARN_OBJC_ROOT_CLASS = YES_ERROR;
				CLANG_WARN_UNREACHABLE_CODE = YES;
				CLANG_WARN__DUPLICATE_METHOD_MATCH = YES;
				"CODE_SIGN_IDENTITY[sdk=iphoneos*]" = "iPhone Developer";
				COPY_PHASE_STRIP = NO;
				ENABLE_STRICT_OBJC_MSGSEND = YES;
				GCC_C_LANGUAGE_STANDARD = gnu99;
				GCC_DYNAMIC_NO_PIC = NO;
				GCC_OPTIMIZATION_LEVEL = 0;
				GCC_PREPROCESSOR_DEFINITIONS = (
					"DEBUG=1",
					"$(inherited)",
				);
				GCC_SYMBOLS_PRIVATE_EXTERN = NO;
				GCC_WARN_64_TO_32_BIT_CONVERSION = YES;
				GCC_WARN_ABOUT_RETURN_TYPE = YES_ERROR;
				GCC_WARN_UNDECLARED_SELECTOR = YES;
				GCC_WARN_UNINITIALIZED_AUTOS = YES_AGGRESSIVE;
				GCC_WARN_UNUSED_FUNCTION = YES;
				GCC_WARN_UNUSED_VARIABLE = YES;
				IPHONEOS_DEPLOYMENT_TARGET = 8.1;
				MTL_ENABLE_DEBUG_INFO = YES;
				ONLY_ACTIVE_ARCH = YES;
				SDKROOT = iphoneos;
				SWIFT_OPTIMIZATION_LEVEL = "-Onone";
				TARGETED_DEVICE_FAMILY = "1,2";
			};
			name = Debug;
		};
		3BC105771AA0C47C0013871A /* Release */ = {
			isa = XCBuildConfiguration;
			buildSettings = {
				ALWAYS_SEARCH_USER_PATHS = NO;
				CLANG_CXX_LANGUAGE_STANDARD = "gnu++0x";
				CLANG_CXX_LIBRARY = "libc++";
				CLANG_ENABLE_MODULES = YES;
				CLANG_ENABLE_OBJC_ARC = YES;
				CLANG_WARN_BOOL_CONVERSION = YES;
				CLANG_WARN_CONSTANT_CONVERSION = YES;
				CLANG_WARN_DIRECT_OBJC_ISA_USAGE = YES_ERROR;
				CLANG_WARN_EMPTY_BODY = YES;
				CLANG_WARN_ENUM_CONVERSION = YES;
				CLANG_WARN_INT_CONVERSION = YES;
				CLANG_WARN_OBJC_ROOT_CLASS = YES_ERROR;
				CLANG_WARN_UNREACHABLE_CODE = YES;
				CLANG_WARN__DUPLICATE_METHOD_MATCH = YES;
				"CODE_SIGN_IDENTITY[sdk=iphoneos*]" = "iPhone Developer";
				COPY_PHASE_STRIP = YES;
				ENABLE_NS_ASSERTIONS = NO;
				ENABLE_STRICT_OBJC_MSGSEND = YES;
				GCC_C_LANGUAGE_STANDARD = gnu99;
				GCC_WARN_64_TO_32_BIT_CONVERSION = YES;
				GCC_WARN_ABOUT_RETURN_TYPE = YES_ERROR;
				GCC_WARN_UNDECLARED_SELECTOR = YES;
				GCC_WARN_UNINITIALIZED_AUTOS = YES_AGGRESSIVE;
				GCC_WARN_UNUSED_FUNCTION = YES;
				GCC_WARN_UNUSED_VARIABLE = YES;
				IPHONEOS_DEPLOYMENT_TARGET = 8.1;
				MTL_ENABLE_DEBUG_INFO = NO;
				SDKROOT = iphoneos;
				TARGETED_DEVICE_FAMILY = "1,2";
				VALIDATE_PRODUCT = YES;
			};
			name = Release;
		};
		3BC105791AA0C47C0013871A /* Debug */ = {
			isa = XCBuildConfiguration;
			baseConfigurationReference = D77FA33E90C8D61B5856C7AC /* Pods.debug.xcconfig */;
			buildSettings = {
				ASSETCATALOG_COMPILER_APPICON_NAME = AppIcon;
				FRAMEWORK_SEARCH_PATHS = (
					"$(inherited)",
					"$(PROJECT_DIR)/Mobile",
					Store,
				);
				INFOPLIST_FILE = "Mobile Store/Info.plist";
				LD_RUNPATH_SEARCH_PATHS = "$(inherited) @executable_path/Frameworks";
				PRODUCT_NAME = "$(TARGET_NAME)";
			};
			name = Debug;
		};
		3BC1057A1AA0C47C0013871A /* Release */ = {
			isa = XCBuildConfiguration;
			baseConfigurationReference = 2E1D47B4F22BEDFFB1424917 /* Pods.release.xcconfig */;
			buildSettings = {
				ASSETCATALOG_COMPILER_APPICON_NAME = AppIcon;
				FRAMEWORK_SEARCH_PATHS = (
					"$(inherited)",
					"$(PROJECT_DIR)/Mobile",
					Store,
				);
				INFOPLIST_FILE = "Mobile Store/Info.plist";
				LD_RUNPATH_SEARCH_PATHS = "$(inherited) @executable_path/Frameworks";
				PRODUCT_NAME = "$(TARGET_NAME)";
			};
			name = Release;
		};
		3BC1057C1AA0C47C0013871A /* Debug */ = {
			isa = XCBuildConfiguration;
			buildSettings = {
				BUNDLE_LOADER = "$(TEST_HOST)";
				FRAMEWORK_SEARCH_PATHS = (
					"$(SDKROOT)/Developer/Library/Frameworks",
					"$(inherited)",
				);
				GCC_PREPROCESSOR_DEFINITIONS = (
					"DEBUG=1",
					"$(inherited)",
				);
				INFOPLIST_FILE = "Mobile StoreTests/Info.plist";
				LD_RUNPATH_SEARCH_PATHS = "$(inherited) @executable_path/Frameworks @loader_path/Frameworks";
				PRODUCT_NAME = "$(TARGET_NAME)";
				TEST_HOST = "$(BUILT_PRODUCTS_DIR)/Mobile Store.app/Mobile Store";
			};
			name = Debug;
		};
		3BC1057D1AA0C47C0013871A /* Release */ = {
			isa = XCBuildConfiguration;
			buildSettings = {
				BUNDLE_LOADER = "$(TEST_HOST)";
				FRAMEWORK_SEARCH_PATHS = (
					"$(SDKROOT)/Developer/Library/Frameworks",
					"$(inherited)",
				);
				INFOPLIST_FILE = "Mobile StoreTests/Info.plist";
				LD_RUNPATH_SEARCH_PATHS = "$(inherited) @executable_path/Frameworks @loader_path/Frameworks";
				PRODUCT_NAME = "$(TARGET_NAME)";
				TEST_HOST = "$(BUILT_PRODUCTS_DIR)/Mobile Store.app/Mobile Store";
			};
			name = Release;
		};
		9C0616E61AA9E88B006A3066 /* Debug */ = {
			isa = XCBuildConfiguration;
			buildSettings = {
				ASSETCATALOG_COMPILER_APPICON_NAME = AppIcon;
				GCC_PREPROCESSOR_DEFINITIONS = (
					"DEBUG=1",
					"$(inherited)",
				);
				INFOPLIST_FILE = zzz/Info.plist;
				LD_RUNPATH_SEARCH_PATHS = "$(inherited) @executable_path/Frameworks";
				PRODUCT_NAME = "$(TARGET_NAME)";
			};
			name = Debug;
		};
		9C0616E71AA9E88B006A3066 /* Release */ = {
			isa = XCBuildConfiguration;
			buildSettings = {
				ASSETCATALOG_COMPILER_APPICON_NAME = AppIcon;
				INFOPLIST_FILE = zzz/Info.plist;
				LD_RUNPATH_SEARCH_PATHS = "$(inherited) @executable_path/Frameworks";
				PRODUCT_NAME = "$(TARGET_NAME)";
			};
			name = Release;
		};
		9C0616E91AA9E88B006A3066 /* Debug */ = {
			isa = XCBuildConfiguration;
			buildSettings = {
				BUNDLE_LOADER = "$(TEST_HOST)";
				FRAMEWORK_SEARCH_PATHS = (
					"$(SDKROOT)/Developer/Library/Frameworks",
					"$(inherited)",
				);
				GCC_PREPROCESSOR_DEFINITIONS = (
					"DEBUG=1",
					"$(inherited)",
				);
				INFOPLIST_FILE = zzzTests/Info.plist;
				LD_RUNPATH_SEARCH_PATHS = "$(inherited) @executable_path/Frameworks @loader_path/Frameworks";
				PRODUCT_NAME = "$(TARGET_NAME)";
				TEST_HOST = "$(BUILT_PRODUCTS_DIR)/zzz.app/zzz";
			};
			name = Debug;
		};
		9C0616EA1AA9E88B006A3066 /* Release */ = {
			isa = XCBuildConfiguration;
			buildSettings = {
				BUNDLE_LOADER = "$(TEST_HOST)";
				FRAMEWORK_SEARCH_PATHS = (
					"$(SDKROOT)/Developer/Library/Frameworks",
					"$(inherited)",
				);
				INFOPLIST_FILE = zzzTests/Info.plist;
				LD_RUNPATH_SEARCH_PATHS = "$(inherited) @executable_path/Frameworks @loader_path/Frameworks";
				PRODUCT_NAME = "$(TARGET_NAME)";
				TEST_HOST = "$(BUILT_PRODUCTS_DIR)/zzz.app/zzz";
			};
			name = Release;
		};
/* End XCBuildConfiguration section */

/* Begin XCConfigurationList section */
		3BC105521AA0C47C0013871A /* Build configuration list for PBXProject "Mobile Store" */ = {
			isa = XCConfigurationList;
			buildConfigurations = (
				3BC105761AA0C47C0013871A /* Debug */,
				3BC105771AA0C47C0013871A /* Release */,
			);
			defaultConfigurationIsVisible = 0;
			defaultConfigurationName = Release;
		};
		3BC105781AA0C47C0013871A /* Build configuration list for PBXNativeTarget "Mobile Store" */ = {
			isa = XCConfigurationList;
			buildConfigurations = (
				3BC105791AA0C47C0013871A /* Debug */,
				3BC1057A1AA0C47C0013871A /* Release */,
			);
			defaultConfigurationIsVisible = 0;
			defaultConfigurationName = Release;
		};
		3BC1057B1AA0C47C0013871A /* Build configuration list for PBXNativeTarget "Mobile StoreTests" */ = {
			isa = XCConfigurationList;
			buildConfigurations = (
				3BC1057C1AA0C47C0013871A /* Debug */,
				3BC1057D1AA0C47C0013871A /* Release */,
			);
			defaultConfigurationIsVisible = 0;
			defaultConfigurationName = Release;
		};
		9C0616E51AA9E88B006A3066 /* Build configuration list for PBXNativeTarget "zzz" */ = {
			isa = XCConfigurationList;
			buildConfigurations = (
				9C0616E61AA9E88B006A3066 /* Debug */,
				9C0616E71AA9E88B006A3066 /* Release */,
			);
			defaultConfigurationIsVisible = 0;
			defaultConfigurationName = Release;
		};
		9C0616E81AA9E88B006A3066 /* Build configuration list for PBXNativeTarget "zzzTests" */ = {
			isa = XCConfigurationList;
			buildConfigurations = (
				9C0616E91AA9E88B006A3066 /* Debug */,
				9C0616EA1AA9E88B006A3066 /* Release */,
			);
			defaultConfigurationIsVisible = 0;
			defaultConfigurationName = Release;
		};
/* End XCConfigurationList section */
	};
	rootObject = 3BC1054F1AA0C47C0013871A /* Project object */;
}
